// !$*UTF8*$!
{
	archiveVersion = 1;
	classes = {
	};
	objectVersion = 46;
	objects = {

/* Begin PBXBuildFile section */
		9BA4AFED182E91C7002B2226 /* AirshipConfig.plist in Resources */ = {isa = PBXBuildFile; fileRef = 9BA4AFEC182E91C7002B2226 /* AirshipConfig.plist */; };
		9BA4B082182E93A5002B2226 /* libUAirship-3.0.1.a in Frameworks */ = {isa = PBXBuildFile; fileRef = 9BA4B01F182E93A5002B2226 /* libUAirship-3.0.1.a */; };
		9BA4B084182E93A5002B2226 /* UABarButtonSegmentedControl.m in Sources */ = {isa = PBXBuildFile; fileRef = 9BA4B02C182E93A5002B2226 /* UABarButtonSegmentedControl.m */; };
		9BA4B085182E93A5002B2226 /* UABeveledLoadingIndicator.m in Sources */ = {isa = PBXBuildFile; fileRef = 9BA4B02E182E93A5002B2226 /* UABeveledLoadingIndicator.m */; };
		9BA4B086182E93A5002B2226 /* UADateUtils.m in Sources */ = {isa = PBXBuildFile; fileRef = 9BA4B030182E93A5002B2226 /* UADateUtils.m */; };
		9BA4B087182E93A5002B2226 /* UAInboxAlertHandler.m in Sources */ = {isa = PBXBuildFile; fileRef = 9BA4B032182E93A5002B2226 /* UAInboxAlertHandler.m */; };
		9BA4B088182E93A5002B2226 /* UAInboxMessageListCell.m in Sources */ = {isa = PBXBuildFile; fileRef = 9BA4B034182E93A5002B2226 /* UAInboxMessageListCell.m */; };
		9BA4B089182E93A5002B2226 /* UAInboxMessageListController.m in Sources */ = {isa = PBXBuildFile; fileRef = 9BA4B036182E93A5002B2226 /* UAInboxMessageListController.m */; };
		9BA4B08A182E93A5002B2226 /* UAInboxMessageViewController.m in Sources */ = {isa = PBXBuildFile; fileRef = 9BA4B038182E93A5002B2226 /* UAInboxMessageViewController.m */; };
		9BA4B08B182E93A5002B2226 /* UAInboxNavUI.m in Sources */ = {isa = PBXBuildFile; fileRef = 9BA4B03A182E93A5002B2226 /* UAInboxNavUI.m */; };
		9BA4B08C182E93A5002B2226 /* UAInboxOverlayController.m in Sources */ = {isa = PBXBuildFile; fileRef = 9BA4B03C182E93A5002B2226 /* UAInboxOverlayController.m */; };
		9BA4B08D182E93A5002B2226 /* UAInboxUI.m in Sources */ = {isa = PBXBuildFile; fileRef = 9BA4B03E182E93A5002B2226 /* UAInboxUI.m */; };
		9BA4B08E182E93A5002B2226 /* UIWebView+UAAdditions.m in Sources */ = {isa = PBXBuildFile; fileRef = 9BA4B040182E93A5002B2226 /* UIWebView+UAAdditions.m */; };
		9BA4B08F182E93A5002B2226 /* check.png in Resources */ = {isa = PBXBuildFile; fileRef = 9BA4B043182E93A5002B2226 /* check.png */; };
		9BA4B090182E93A5002B2226 /* check@2x.png in Resources */ = {isa = PBXBuildFile; fileRef = 9BA4B044182E93A5002B2226 /* check@2x.png */; };
		9BA4B091182E93A5002B2226 /* down.png in Resources */ = {isa = PBXBuildFile; fileRef = 9BA4B045182E93A5002B2226 /* down.png */; };
		9BA4B092182E93A5002B2226 /* down@2x.png in Resources */ = {isa = PBXBuildFile; fileRef = 9BA4B046182E93A5002B2226 /* down@2x.png */; };
		9BA4B093182E93A5002B2226 /* overlayCloseBtn.png in Resources */ = {isa = PBXBuildFile; fileRef = 9BA4B048182E93A5002B2226 /* overlayCloseBtn.png */; };
		9BA4B094182E93A5002B2226 /* overlayCloseBtn@2x.png in Resources */ = {isa = PBXBuildFile; fileRef = 9BA4B049182E93A5002B2226 /* overlayCloseBtn@2x.png */; };
		9BA4B095182E93A5002B2226 /* UAInboxLocalization.bundle in Resources */ = {isa = PBXBuildFile; fileRef = 9BA4B04A182E93A5002B2226 /* UAInboxLocalization.bundle */; };
		9BA4B096182E93A5002B2226 /* UAInboxMessageListCell.xib in Resources */ = {isa = PBXBuildFile; fileRef = 9BA4B04B182E93A5002B2226 /* UAInboxMessageListCell.xib */; };
		9BA4B097182E93A5002B2226 /* UAInboxMessageListController.xib in Resources */ = {isa = PBXBuildFile; fileRef = 9BA4B04C182E93A5002B2226 /* UAInboxMessageListController.xib */; };
		9BA4B098182E93A5002B2226 /* UAInboxMessageViewController.xib in Resources */ = {isa = PBXBuildFile; fileRef = 9BA4B04D182E93A5002B2226 /* UAInboxMessageViewController.xib */; };
		9BA4B099182E93A5002B2226 /* uncheck.png in Resources */ = {isa = PBXBuildFile; fileRef = 9BA4B04E182E93A5002B2226 /* uncheck.png */; };
		9BA4B09A182E93A5002B2226 /* uncheck@2x.png in Resources */ = {isa = PBXBuildFile; fileRef = 9BA4B04F182E93A5002B2226 /* uncheck@2x.png */; };
		9BA4B09B182E93A5002B2226 /* up.png in Resources */ = {isa = PBXBuildFile; fileRef = 9BA4B050182E93A5002B2226 /* up.png */; };
		9BA4B09C182E93A5002B2226 /* up@2x.png in Resources */ = {isa = PBXBuildFile; fileRef = 9BA4B051182E93A5002B2226 /* up@2x.png */; };
		9BA4B09D182E93A5002B2226 /* UALocationDemoAnnotation.m in Sources */ = {isa = PBXBuildFile; fileRef = 9BA4B056182E93A5002B2226 /* UALocationDemoAnnotation.m */; };
		9BA4B09E182E93A5002B2226 /* UALocationSettingsViewController.m in Sources */ = {isa = PBXBuildFile; fileRef = 9BA4B058182E93A5002B2226 /* UALocationSettingsViewController.m */; };
		9BA4B09F182E93A5002B2226 /* UAMapPresentationController.m in Sources */ = {isa = PBXBuildFile; fileRef = 9BA4B05A182E93A5002B2226 /* UAMapPresentationController.m */; };
		9BA4B0A0182E93A5002B2226 /* UAPushMoreSettingsViewController.m in Sources */ = {isa = PBXBuildFile; fileRef = 9BA4B05C182E93A5002B2226 /* UAPushMoreSettingsViewController.m */; };
		9BA4B0A1182E93A5002B2226 /* UAPushNotificationHandler.m in Sources */ = {isa = PBXBuildFile; fileRef = 9BA4B05E182E93A5002B2226 /* UAPushNotificationHandler.m */; };
		9BA4B0A2182E93A5002B2226 /* UAPushSettingsAddTagViewController.m in Sources */ = {isa = PBXBuildFile; fileRef = 9BA4B060182E93A5002B2226 /* UAPushSettingsAddTagViewController.m */; settings = {COMPILER_FLAGS = "-fobjc-arc"; }; };
		9BA4B0A3182E93A5002B2226 /* UAPushSettingsAliasViewController.m in Sources */ = {isa = PBXBuildFile; fileRef = 9BA4B062182E93A5002B2226 /* UAPushSettingsAliasViewController.m */; };
		9BA4B0A4182E93A5002B2226 /* UAPushSettingsSoundsViewController.m in Sources */ = {isa = PBXBuildFile; fileRef = 9BA4B064182E93A5002B2226 /* UAPushSettingsSoundsViewController.m */; };
		9BA4B0A5182E93A5002B2226 /* UAPushSettingsTagsViewController.m in Sources */ = {isa = PBXBuildFile; fileRef = 9BA4B066182E93A5002B2226 /* UAPushSettingsTagsViewController.m */; };
		9BA4B0A6182E93A5002B2226 /* UAPushSettingsTokenViewController.m in Sources */ = {isa = PBXBuildFile; fileRef = 9BA4B068182E93A5002B2226 /* UAPushSettingsTokenViewController.m */; };
		9BA4B0A7182E93A5002B2226 /* UAPushSettingsUserInfoViewController.m in Sources */ = {isa = PBXBuildFile; fileRef = 9BA4B06A182E93A5002B2226 /* UAPushSettingsUserInfoViewController.m */; };
		9BA4B0A8182E93A5002B2226 /* UAPushSettingsViewController.m in Sources */ = {isa = PBXBuildFile; fileRef = 9BA4B06C182E93A5002B2226 /* UAPushSettingsViewController.m */; };
		9BA4B0A9182E93A5002B2226 /* UAPushUI.m in Sources */ = {isa = PBXBuildFile; fileRef = 9BA4B06E182E93A5002B2226 /* UAPushUI.m */; };
		9BA4B0AA182E93A5002B2226 /* bottom-detail.png in Resources */ = {isa = PBXBuildFile; fileRef = 9BA4B071182E93A5002B2226 /* bottom-detail.png */; };
		9BA4B0AB182E93A5002B2226 /* bottom-detail@2x.png in Resources */ = {isa = PBXBuildFile; fileRef = 9BA4B072182E93A5002B2226 /* bottom-detail@2x.png */; };
		9BA4B0AC182E93A5002B2226 /* middle-detail.png in Resources */ = {isa = PBXBuildFile; fileRef = 9BA4B073182E93A5002B2226 /* middle-detail.png */; };
		9BA4B0AD182E93A5002B2226 /* middle-detail@2x.png in Resources */ = {isa = PBXBuildFile; fileRef = 9BA4B074182E93A5002B2226 /* middle-detail@2x.png */; };
		9BA4B0AE182E93A5002B2226 /* top-detail.png in Resources */ = {isa = PBXBuildFile; fileRef = 9BA4B075182E93A5002B2226 /* top-detail.png */; };
		9BA4B0AF182E93A5002B2226 /* top-detail@2x.png in Resources */ = {isa = PBXBuildFile; fileRef = 9BA4B076182E93A5002B2226 /* top-detail@2x.png */; };
		9BA4B0B0182E93A5002B2226 /* UALocationSettingsViewController.xib in Resources */ = {isa = PBXBuildFile; fileRef = 9BA4B077182E93A5002B2226 /* UALocationSettingsViewController.xib */; };
		9BA4B0B1182E93A5002B2226 /* UAMapPresentationViewController.xib in Resources */ = {isa = PBXBuildFile; fileRef = 9BA4B078182E93A5002B2226 /* UAMapPresentationViewController.xib */; };
		9BA4B0B2182E93A5002B2226 /* UAPushLocalization.bundle in Resources */ = {isa = PBXBuildFile; fileRef = 9BA4B079182E93A5002B2226 /* UAPushLocalization.bundle */; };
		9BA4B0B3182E93A5002B2226 /* UAPushMoreSettingsView.xib in Resources */ = {isa = PBXBuildFile; fileRef = 9BA4B07A182E93A5002B2226 /* UAPushMoreSettingsView.xib */; };
		9BA4B0B4182E93A5002B2226 /* UAPushSettingsAddTagViewController.xib in Resources */ = {isa = PBXBuildFile; fileRef = 9BA4B07B182E93A5002B2226 /* UAPushSettingsAddTagViewController.xib */; };
		9BA4B0B5182E93A5002B2226 /* UAPushSettingsAliasView.xib in Resources */ = {isa = PBXBuildFile; fileRef = 9BA4B07C182E93A5002B2226 /* UAPushSettingsAliasView.xib */; };
		9BA4B0B6182E93A5002B2226 /* UAPushSettingsSoundsViewController.xib in Resources */ = {isa = PBXBuildFile; fileRef = 9BA4B07D182E93A5002B2226 /* UAPushSettingsSoundsViewController.xib */; };
		9BA4B0B7182E93A5002B2226 /* UAPushSettingsTagsViewController.xib in Resources */ = {isa = PBXBuildFile; fileRef = 9BA4B07E182E93A5002B2226 /* UAPushSettingsTagsViewController.xib */; };
		9BA4B0B8182E93A5002B2226 /* UAPushSettingsTokenView.xib in Resources */ = {isa = PBXBuildFile; fileRef = 9BA4B07F182E93A5002B2226 /* UAPushSettingsTokenView.xib */; };
		9BA4B0B9182E93A5002B2226 /* UAPushSettingsUserInfoView.xib in Resources */ = {isa = PBXBuildFile; fileRef = 9BA4B080182E93A5002B2226 /* UAPushSettingsUserInfoView.xib */; };
		9BA4B0BA182E93A5002B2226 /* UAPushSettingsView.xib in Resources */ = {isa = PBXBuildFile; fileRef = 9BA4B081182E93A5002B2226 /* UAPushSettingsView.xib */; };
		9BA4B0BC182E93D0002B2226 /* CFNetwork.framework in Frameworks */ = {isa = PBXBuildFile; fileRef = 9BA4B0BB182E93D0002B2226 /* CFNetwork.framework */; };
		9BA4B0BE182E93DF002B2226 /* MobileCoreServices.framework in Frameworks */ = {isa = PBXBuildFile; fileRef = 9BA4B0BD182E93DF002B2226 /* MobileCoreServices.framework */; };
		9BA4B0C0182E93E7002B2226 /* Security.framework in Frameworks */ = {isa = PBXBuildFile; fileRef = 9BA4B0BF182E93E7002B2226 /* Security.framework */; };
		9BA4B0C2182E93F7002B2226 /* libz.dylib in Frameworks */ = {isa = PBXBuildFile; fileRef = 9BA4B0C1182E93F7002B2226 /* libz.dylib */; };
		9BA4B0C4182E9403002B2226 /* libsqlite3.dylib in Frameworks */ = {isa = PBXBuildFile; fileRef = 9BA4B0C3182E9403002B2226 /* libsqlite3.dylib */; };
		9BA4B0C6182E940C002B2226 /* CoreTelephony.framework in Frameworks */ = {isa = PBXBuildFile; fileRef = 9BA4B0C5182E940C002B2226 /* CoreTelephony.framework */; };
		9BA4B0C8182E941A002B2226 /* MessageUI.framework in Frameworks */ = {isa = PBXBuildFile; fileRef = 9BA4B0C7182E941A002B2226 /* MessageUI.framework */; };
		9BA4B0CA182E9421002B2226 /* AudioToolbox.framework in Frameworks */ = {isa = PBXBuildFile; fileRef = 9BA4B0C9182E9421002B2226 /* AudioToolbox.framework */; };
		9BA97FF21825A6B000588DF6 /* 19-gear.png in Resources */ = {isa = PBXBuildFile; fileRef = 9BA97FF11825A6B000588DF6 /* 19-gear.png */; };
		EF23222618240D930035F062 /* ServerResponse.m in Sources */ = {isa = PBXBuildFile; fileRef = EF23222518240D930035F062 /* ServerResponse.m */; };
		EF364B0418244D020012E0D8 /* Localizable.strings in Resources */ = {isa = PBXBuildFile; fileRef = EF364B0318244D020012E0D8 /* Localizable.strings */; };
		EF43963217F7946A00AC7660 /* LoginViewController.m in Sources */ = {isa = PBXBuildFile; fileRef = EF43963117F7946A00AC7660 /* LoginViewController.m */; };
		EFC077B317F776FA001B1EEF /* UIKit.framework in Frameworks */ = {isa = PBXBuildFile; fileRef = EFC077B217F776FA001B1EEF /* UIKit.framework */; };
		EFC077B517F776FA001B1EEF /* Foundation.framework in Frameworks */ = {isa = PBXBuildFile; fileRef = EFC077B417F776FA001B1EEF /* Foundation.framework */; };
		EFC077B717F776FA001B1EEF /* CoreGraphics.framework in Frameworks */ = {isa = PBXBuildFile; fileRef = EFC077B617F776FA001B1EEF /* CoreGraphics.framework */; };
		EFC077BD17F776FA001B1EEF /* InfoPlist.strings in Resources */ = {isa = PBXBuildFile; fileRef = EFC077BB17F776FA001B1EEF /* InfoPlist.strings */; };
		EFC077BF17F776FA001B1EEF /* main.m in Sources */ = {isa = PBXBuildFile; fileRef = EFC077BE17F776FA001B1EEF /* main.m */; };
		EFC077C317F776FA001B1EEF /* AppDelegate.m in Sources */ = {isa = PBXBuildFile; fileRef = EFC077C217F776FA001B1EEF /* AppDelegate.m */; };
		EFC077C517F776FA001B1EEF /* Default.png in Resources */ = {isa = PBXBuildFile; fileRef = EFC077C417F776FA001B1EEF /* Default.png */; };
		EFC077C717F776FA001B1EEF /* Default@2x.png in Resources */ = {isa = PBXBuildFile; fileRef = EFC077C617F776FA001B1EEF /* Default@2x.png */; };
		EFC077C917F776FA001B1EEF /* Default-568h@2x.png in Resources */ = {isa = PBXBuildFile; fileRef = EFC077C817F776FA001B1EEF /* Default-568h@2x.png */; };
		EFC077CC17F776FA001B1EEF /* MainStoryboard.storyboard in Resources */ = {isa = PBXBuildFile; fileRef = EFC077CA17F776FA001B1EEF /* MainStoryboard.storyboard */; };
		EFC077CF17F776FA001B1EEF /* MapViewController.m in Sources */ = {isa = PBXBuildFile; fileRef = EFC077CE17F776FA001B1EEF /* MapViewController.m */; };
		EFC077D117F776FA001B1EEF /* first.png in Resources */ = {isa = PBXBuildFile; fileRef = EFC077D017F776FA001B1EEF /* first.png */; };
		EFC077D317F776FA001B1EEF /* first@2x.png in Resources */ = {isa = PBXBuildFile; fileRef = EFC077D217F776FA001B1EEF /* first@2x.png */; };
		EFC077D617F776FA001B1EEF /* FriendsViewController.m in Sources */ = {isa = PBXBuildFile; fileRef = EFC077D517F776FA001B1EEF /* FriendsViewController.m */; };
		EFC077D817F776FA001B1EEF /* second.png in Resources */ = {isa = PBXBuildFile; fileRef = EFC077D717F776FA001B1EEF /* second.png */; };
		EFC077DA17F776FA001B1EEF /* second@2x.png in Resources */ = {isa = PBXBuildFile; fileRef = EFC077D917F776FA001B1EEF /* second@2x.png */; };
		EFC077E217F776FB001B1EEF /* SenTestingKit.framework in Frameworks */ = {isa = PBXBuildFile; fileRef = EFC077E117F776FB001B1EEF /* SenTestingKit.framework */; };
		EFC077E317F776FB001B1EEF /* UIKit.framework in Frameworks */ = {isa = PBXBuildFile; fileRef = EFC077B217F776FA001B1EEF /* UIKit.framework */; };
		EFC077E417F776FB001B1EEF /* Foundation.framework in Frameworks */ = {isa = PBXBuildFile; fileRef = EFC077B417F776FA001B1EEF /* Foundation.framework */; };
		EFC077EC17F776FB001B1EEF /* InfoPlist.strings in Resources */ = {isa = PBXBuildFile; fileRef = EFC077EA17F776FB001B1EEF /* InfoPlist.strings */; };
		EFC077EF17F776FB001B1EEF /* Where_ir_my_friend_Tests.m in Sources */ = {isa = PBXBuildFile; fileRef = EFC077EE17F776FB001B1EEF /* Where_ir_my_friend_Tests.m */; };
		EFD4878F18230F8300E34C94 /* BackendProxy.m in Sources */ = {isa = PBXBuildFile; fileRef = EFD4878E18230F8300E34C94 /* BackendProxy.m */; };
		EFD48795182311E000E34C94 /* Reachability.m in Sources */ = {isa = PBXBuildFile; fileRef = EFD48794182311E000E34C94 /* Reachability.m */; };
		EFD487971823148D00E34C94 /* SystemConfiguration.framework in Frameworks */ = {isa = PBXBuildFile; fileRef = EFD487961823148D00E34C94 /* SystemConfiguration.framework */; };
		FE876D061819AD070067A75F /* settings.png in Resources */ = {isa = PBXBuildFile; fileRef = FE876D051819AD070067A75F /* settings.png */; };
		FE87908318219D4E00F237B5 /* RequestsViewController.m in Sources */ = {isa = PBXBuildFile; fileRef = FE87908218219D4E00F237B5 /* RequestsViewController.m */; };
		FE88F5DC1804B49F0078A941 /* CoreLocation.framework in Frameworks */ = {isa = PBXBuildFile; fileRef = FE88F5DB1804B49F0078A941 /* CoreLocation.framework */; };
		FE8C2B3118033AF2001595B5 /* wheres titulo2.png in Resources */ = {isa = PBXBuildFile; fileRef = FE8C2B3018033AF2001595B5 /* wheres titulo2.png */; };
		FED8241618006BEC0089C870 /* face.jpg in Resources */ = {isa = PBXBuildFile; fileRef = FED8241518006BEC0089C870 /* face.jpg */; };
		FEEBC7F517FCB1CC00D73176 /* MapKit.framework in Frameworks */ = {isa = PBXBuildFile; fileRef = FEEBC7F417FCB1CC00D73176 /* MapKit.framework */; };
		FEEBC7F717FCB96400D73176 /* map.png in Resources */ = {isa = PBXBuildFile; fileRef = FEEBC7F617FCB96400D73176 /* map.png */; };
		FEEBC7F917FCB96F00D73176 /* friends.png in Resources */ = {isa = PBXBuildFile; fileRef = FEEBC7F817FCB96F00D73176 /* friends.png */; };
		FEEBC7FB17FCB97A00D73176 /* requests.png in Resources */ = {isa = PBXBuildFile; fileRef = FEEBC7FA17FCB97A00D73176 /* requests.png */; };
/* End PBXBuildFile section */

/* Begin PBXContainerItemProxy section */
		EFC077E517F776FB001B1EEF /* PBXContainerItemProxy */ = {
			isa = PBXContainerItemProxy;
			containerPortal = EFC077A717F776FA001B1EEF /* Project object */;
			proxyType = 1;
			remoteGlobalIDString = EFC077AE17F776FA001B1EEF;
			remoteInfo = "Where ir my friend?";
		};
/* End PBXContainerItemProxy section */

/* Begin PBXFileReference section */
		9BA4AFEC182E91C7002B2226 /* AirshipConfig.plist */ = {isa = PBXFileReference; fileEncoding = 4; lastKnownFileType = text.plist.xml; path = AirshipConfig.plist; sourceTree = "<group>"; };
		9BA4AFF0182E93A4002B2226 /* NSJSONSerialization+UAAdditions.h */ = {isa = PBXFileReference; fileEncoding = 4; lastKnownFileType = sourcecode.c.h; path = "NSJSONSerialization+UAAdditions.h"; sourceTree = "<group>"; };
		9BA4AFF1182E93A4002B2226 /* UAAnalytics.h */ = {isa = PBXFileReference; fileEncoding = 4; lastKnownFileType = sourcecode.c.h; path = UAAnalytics.h; sourceTree = "<group>"; };
		9BA4AFF2182E93A4002B2226 /* UAAnalyticsDBManager.h */ = {isa = PBXFileReference; fileEncoding = 4; lastKnownFileType = sourcecode.c.h; path = UAAnalyticsDBManager.h; sourceTree = "<group>"; };
		9BA4AFF3182E93A4002B2226 /* UAAutoAppDelegate.h */ = {isa = PBXFileReference; fileEncoding = 4; lastKnownFileType = sourcecode.c.h; path = UAAutoAppDelegate.h; sourceTree = "<group>"; };
		9BA4AFF4182E93A4002B2226 /* UABaseAppDelegateSurrogate.h */ = {isa = PBXFileReference; fileEncoding = 4; lastKnownFileType = sourcecode.c.h; path = UABaseAppDelegateSurrogate.h; sourceTree = "<group>"; };
		9BA4AFF5182E93A4002B2226 /* UABaseLocationProvider.h */ = {isa = PBXFileReference; fileEncoding = 4; lastKnownFileType = sourcecode.c.h; path = UABaseLocationProvider.h; sourceTree = "<group>"; };
		9BA4AFF6182E93A4002B2226 /* UAConfig.h */ = {isa = PBXFileReference; fileEncoding = 4; lastKnownFileType = sourcecode.c.h; path = UAConfig.h; sourceTree = "<group>"; };
		9BA4AFF7182E93A4002B2226 /* UADelayOperation.h */ = {isa = PBXFileReference; fileEncoding = 4; lastKnownFileType = sourcecode.c.h; path = UADelayOperation.h; sourceTree = "<group>"; };
		9BA4AFF8182E93A4002B2226 /* UADisposable.h */ = {isa = PBXFileReference; fileEncoding = 4; lastKnownFileType = sourcecode.c.h; path = UADisposable.h; sourceTree = "<group>"; };
		9BA4AFF9182E93A4002B2226 /* UAEvent.h */ = {isa = PBXFileReference; fileEncoding = 4; lastKnownFileType = sourcecode.c.h; path = UAEvent.h; sourceTree = "<group>"; };
		9BA4AFFA182E93A4002B2226 /* UAGlobal.h */ = {isa = PBXFileReference; fileEncoding = 4; lastKnownFileType = sourcecode.c.h; path = UAGlobal.h; sourceTree = "<group>"; };
		9BA4AFFB182E93A4002B2226 /* UAHTTPConnection.h */ = {isa = PBXFileReference; fileEncoding = 4; lastKnownFileType = sourcecode.c.h; path = UAHTTPConnection.h; sourceTree = "<group>"; };
		9BA4AFFC182E93A4002B2226 /* UAHTTPConnectionOperation.h */ = {isa = PBXFileReference; fileEncoding = 4; lastKnownFileType = sourcecode.c.h; path = UAHTTPConnectionOperation.h; sourceTree = "<group>"; };
		9BA4AFFD182E93A4002B2226 /* UAHTTPRequest.h */ = {isa = PBXFileReference; fileEncoding = 4; lastKnownFileType = sourcecode.c.h; path = UAHTTPRequest.h; sourceTree = "<group>"; };
		9BA4AFFE182E93A4002B2226 /* UAHTTPRequestEngine.h */ = {isa = PBXFileReference; fileEncoding = 4; lastKnownFileType = sourcecode.c.h; path = UAHTTPRequestEngine.h; sourceTree = "<group>"; };
		9BA4AFFF182E93A4002B2226 /* UAirship.h */ = {isa = PBXFileReference; fileEncoding = 4; lastKnownFileType = sourcecode.c.h; path = UAirship.h; sourceTree = "<group>"; };
		9BA4B000182E93A4002B2226 /* UAKeychainUtils.h */ = {isa = PBXFileReference; fileEncoding = 4; lastKnownFileType = sourcecode.c.h; path = UAKeychainUtils.h; sourceTree = "<group>"; };
		9BA4B001182E93A4002B2226 /* UALocationCommonValues.h */ = {isa = PBXFileReference; fileEncoding = 4; lastKnownFileType = sourcecode.c.h; path = UALocationCommonValues.h; sourceTree = "<group>"; };
		9BA4B002182E93A4002B2226 /* UALocationEvent.h */ = {isa = PBXFileReference; fileEncoding = 4; lastKnownFileType = sourcecode.c.h; path = UALocationEvent.h; sourceTree = "<group>"; };
		9BA4B003182E93A4002B2226 /* UALocationProviderDelegate.h */ = {isa = PBXFileReference; fileEncoding = 4; lastKnownFileType = sourcecode.c.h; path = UALocationProviderDelegate.h; sourceTree = "<group>"; };
		9BA4B004182E93A4002B2226 /* UALocationProviderProtocol.h */ = {isa = PBXFileReference; fileEncoding = 4; lastKnownFileType = sourcecode.c.h; path = UALocationProviderProtocol.h; sourceTree = "<group>"; };
		9BA4B005182E93A4002B2226 /* UALocationService.h */ = {isa = PBXFileReference; fileEncoding = 4; lastKnownFileType = sourcecode.c.h; path = UALocationService.h; sourceTree = "<group>"; };
		9BA4B006182E93A4002B2226 /* UAObservable.h */ = {isa = PBXFileReference; fileEncoding = 4; lastKnownFileType = sourcecode.c.h; path = UAObservable.h; sourceTree = "<group>"; };
		9BA4B007182E93A5002B2226 /* UASignificantChangeProvider.h */ = {isa = PBXFileReference; fileEncoding = 4; lastKnownFileType = sourcecode.c.h; path = UASignificantChangeProvider.h; sourceTree = "<group>"; };
		9BA4B008182E93A5002B2226 /* UASQLite.h */ = {isa = PBXFileReference; fileEncoding = 4; lastKnownFileType = sourcecode.c.h; path = UASQLite.h; sourceTree = "<group>"; };
		9BA4B009182E93A5002B2226 /* UAStandardLocationProvider.h */ = {isa = PBXFileReference; fileEncoding = 4; lastKnownFileType = sourcecode.c.h; path = UAStandardLocationProvider.h; sourceTree = "<group>"; };
		9BA4B00A182E93A5002B2226 /* UATagUtils.h */ = {isa = PBXFileReference; fileEncoding = 4; lastKnownFileType = sourcecode.c.h; path = UATagUtils.h; sourceTree = "<group>"; };
		9BA4B00B182E93A5002B2226 /* UAURLProtocol.h */ = {isa = PBXFileReference; fileEncoding = 4; lastKnownFileType = sourcecode.c.h; path = UAURLProtocol.h; sourceTree = "<group>"; };
		9BA4B00C182E93A5002B2226 /* UAUser.h */ = {isa = PBXFileReference; fileEncoding = 4; lastKnownFileType = sourcecode.c.h; path = UAUser.h; sourceTree = "<group>"; };
		9BA4B00D182E93A5002B2226 /* UAUserAPIClient.h */ = {isa = PBXFileReference; fileEncoding = 4; lastKnownFileType = sourcecode.c.h; path = UAUserAPIClient.h; sourceTree = "<group>"; };
		9BA4B00E182E93A5002B2226 /* UAUserData.h */ = {isa = PBXFileReference; fileEncoding = 4; lastKnownFileType = sourcecode.c.h; path = UAUserData.h; sourceTree = "<group>"; };
		9BA4B00F182E93A5002B2226 /* UAUtils.h */ = {isa = PBXFileReference; fileEncoding = 4; lastKnownFileType = sourcecode.c.h; path = UAUtils.h; sourceTree = "<group>"; };
		9BA4B011182E93A5002B2226 /* UA_Base64.h */ = {isa = PBXFileReference; fileEncoding = 4; lastKnownFileType = sourcecode.c.h; path = UA_Base64.h; sourceTree = "<group>"; };
		9BA4B012182E93A5002B2226 /* UA_Reachability.h */ = {isa = PBXFileReference; fileEncoding = 4; lastKnownFileType = sourcecode.c.h; path = UA_Reachability.h; sourceTree = "<group>"; };
		9BA4B014182E93A5002B2226 /* UAInbox.h */ = {isa = PBXFileReference; fileEncoding = 4; lastKnownFileType = sourcecode.c.h; path = UAInbox.h; sourceTree = "<group>"; };
		9BA4B015182E93A5002B2226 /* UAInboxAPIClient.h */ = {isa = PBXFileReference; fileEncoding = 4; lastKnownFileType = sourcecode.c.h; path = UAInboxAPIClient.h; sourceTree = "<group>"; };
		9BA4B016182E93A5002B2226 /* UAInboxDBManager.h */ = {isa = PBXFileReference; fileEncoding = 4; lastKnownFileType = sourcecode.c.h; path = UAInboxDBManager.h; sourceTree = "<group>"; };
		9BA4B017182E93A5002B2226 /* UAInboxDefaultJSDelegate.h */ = {isa = PBXFileReference; fileEncoding = 4; lastKnownFileType = sourcecode.c.h; path = UAInboxDefaultJSDelegate.h; sourceTree = "<group>"; };
		9BA4B018182E93A5002B2226 /* UAInboxMessage.h */ = {isa = PBXFileReference; fileEncoding = 4; lastKnownFileType = sourcecode.c.h; path = UAInboxMessage.h; sourceTree = "<group>"; };
		9BA4B019182E93A5002B2226 /* UAInboxMessageList.h */ = {isa = PBXFileReference; fileEncoding = 4; lastKnownFileType = sourcecode.c.h; path = UAInboxMessageList.h; sourceTree = "<group>"; };
		9BA4B01A182E93A5002B2226 /* UAInboxMessageListDelegate.h */ = {isa = PBXFileReference; fileEncoding = 4; lastKnownFileType = sourcecode.c.h; path = UAInboxMessageListDelegate.h; sourceTree = "<group>"; };
		9BA4B01B182E93A5002B2226 /* UAInboxMessageListObserver.h */ = {isa = PBXFileReference; fileEncoding = 4; lastKnownFileType = sourcecode.c.h; path = UAInboxMessageListObserver.h; sourceTree = "<group>"; };
		9BA4B01C182E93A5002B2226 /* UAInboxPushHandler.h */ = {isa = PBXFileReference; fileEncoding = 4; lastKnownFileType = sourcecode.c.h; path = UAInboxPushHandler.h; sourceTree = "<group>"; };
		9BA4B01D182E93A5002B2226 /* UAInboxUtils.h */ = {isa = PBXFileReference; fileEncoding = 4; lastKnownFileType = sourcecode.c.h; path = UAInboxUtils.h; sourceTree = "<group>"; };
		9BA4B01E182E93A5002B2226 /* UAJSONValueTransformer.h */ = {isa = PBXFileReference; fileEncoding = 4; lastKnownFileType = sourcecode.c.h; path = UAJSONValueTransformer.h; sourceTree = "<group>"; };
		9BA4B01F182E93A5002B2226 /* libUAirship-3.0.1.a */ = {isa = PBXFileReference; lastKnownFileType = archive.ar; path = "libUAirship-3.0.1.a"; sourceTree = "<group>"; };
		9BA4B020182E93A5002B2226 /* libUAirship-iOS5-3.0.1.a */ = {isa = PBXFileReference; lastKnownFileType = archive.ar; path = "libUAirship-iOS5-3.0.1.a"; sourceTree = "<group>"; };
		9BA4B022182E93A5002B2226 /* UADeviceAPIClient.h */ = {isa = PBXFileReference; fileEncoding = 4; lastKnownFileType = sourcecode.c.h; path = UADeviceAPIClient.h; sourceTree = "<group>"; };
		9BA4B023182E93A5002B2226 /* UADeviceRegistrationData.h */ = {isa = PBXFileReference; fileEncoding = 4; lastKnownFileType = sourcecode.c.h; path = UADeviceRegistrationData.h; sourceTree = "<group>"; };
		9BA4B024182E93A5002B2226 /* UADeviceRegistrationPayload.h */ = {isa = PBXFileReference; fileEncoding = 4; lastKnownFileType = sourcecode.c.h; path = UADeviceRegistrationPayload.h; sourceTree = "<group>"; };
		9BA4B025182E93A5002B2226 /* UAPush.h */ = {isa = PBXFileReference; fileEncoding = 4; lastKnownFileType = sourcecode.c.h; path = UAPush.h; sourceTree = "<group>"; };
		9BA4B02B182E93A5002B2226 /* UABarButtonSegmentedControl.h */ = {isa = PBXFileReference; fileEncoding = 4; lastKnownFileType = sourcecode.c.h; path = UABarButtonSegmentedControl.h; sourceTree = "<group>"; };
		9BA4B02C182E93A5002B2226 /* UABarButtonSegmentedControl.m */ = {isa = PBXFileReference; fileEncoding = 4; lastKnownFileType = sourcecode.c.objc; path = UABarButtonSegmentedControl.m; sourceTree = "<group>"; };
		9BA4B02D182E93A5002B2226 /* UABeveledLoadingIndicator.h */ = {isa = PBXFileReference; fileEncoding = 4; lastKnownFileType = sourcecode.c.h; path = UABeveledLoadingIndicator.h; sourceTree = "<group>"; };
		9BA4B02E182E93A5002B2226 /* UABeveledLoadingIndicator.m */ = {isa = PBXFileReference; fileEncoding = 4; lastKnownFileType = sourcecode.c.objc; path = UABeveledLoadingIndicator.m; sourceTree = "<group>"; };
		9BA4B02F182E93A5002B2226 /* UADateUtils.h */ = {isa = PBXFileReference; fileEncoding = 4; lastKnownFileType = sourcecode.c.h; path = UADateUtils.h; sourceTree = "<group>"; };
		9BA4B030182E93A5002B2226 /* UADateUtils.m */ = {isa = PBXFileReference; fileEncoding = 4; lastKnownFileType = sourcecode.c.objc; path = UADateUtils.m; sourceTree = "<group>"; };
		9BA4B031182E93A5002B2226 /* UAInboxAlertHandler.h */ = {isa = PBXFileReference; fileEncoding = 4; lastKnownFileType = sourcecode.c.h; path = UAInboxAlertHandler.h; sourceTree = "<group>"; };
		9BA4B032182E93A5002B2226 /* UAInboxAlertHandler.m */ = {isa = PBXFileReference; fileEncoding = 4; lastKnownFileType = sourcecode.c.objc; path = UAInboxAlertHandler.m; sourceTree = "<group>"; };
		9BA4B033182E93A5002B2226 /* UAInboxMessageListCell.h */ = {isa = PBXFileReference; fileEncoding = 4; lastKnownFileType = sourcecode.c.h; path = UAInboxMessageListCell.h; sourceTree = "<group>"; };
		9BA4B034182E93A5002B2226 /* UAInboxMessageListCell.m */ = {isa = PBXFileReference; fileEncoding = 4; lastKnownFileType = sourcecode.c.objc; path = UAInboxMessageListCell.m; sourceTree = "<group>"; };
		9BA4B035182E93A5002B2226 /* UAInboxMessageListController.h */ = {isa = PBXFileReference; fileEncoding = 4; lastKnownFileType = sourcecode.c.h; path = UAInboxMessageListController.h; sourceTree = "<group>"; };
		9BA4B036182E93A5002B2226 /* UAInboxMessageListController.m */ = {isa = PBXFileReference; fileEncoding = 4; lastKnownFileType = sourcecode.c.objc; path = UAInboxMessageListController.m; sourceTree = "<group>"; };
		9BA4B037182E93A5002B2226 /* UAInboxMessageViewController.h */ = {isa = PBXFileReference; fileEncoding = 4; lastKnownFileType = sourcecode.c.h; path = UAInboxMessageViewController.h; sourceTree = "<group>"; };
		9BA4B038182E93A5002B2226 /* UAInboxMessageViewController.m */ = {isa = PBXFileReference; fileEncoding = 4; lastKnownFileType = sourcecode.c.objc; path = UAInboxMessageViewController.m; sourceTree = "<group>"; };
		9BA4B039182E93A5002B2226 /* UAInboxNavUI.h */ = {isa = PBXFileReference; fileEncoding = 4; lastKnownFileType = sourcecode.c.h; path = UAInboxNavUI.h; sourceTree = "<group>"; };
		9BA4B03A182E93A5002B2226 /* UAInboxNavUI.m */ = {isa = PBXFileReference; fileEncoding = 4; lastKnownFileType = sourcecode.c.objc; path = UAInboxNavUI.m; sourceTree = "<group>"; };
		9BA4B03B182E93A5002B2226 /* UAInboxOverlayController.h */ = {isa = PBXFileReference; fileEncoding = 4; lastKnownFileType = sourcecode.c.h; path = UAInboxOverlayController.h; sourceTree = "<group>"; };
		9BA4B03C182E93A5002B2226 /* UAInboxOverlayController.m */ = {isa = PBXFileReference; fileEncoding = 4; lastKnownFileType = sourcecode.c.objc; path = UAInboxOverlayController.m; sourceTree = "<group>"; };
		9BA4B03D182E93A5002B2226 /* UAInboxUI.h */ = {isa = PBXFileReference; fileEncoding = 4; lastKnownFileType = sourcecode.c.h; path = UAInboxUI.h; sourceTree = "<group>"; };
		9BA4B03E182E93A5002B2226 /* UAInboxUI.m */ = {isa = PBXFileReference; fileEncoding = 4; lastKnownFileType = sourcecode.c.objc; path = UAInboxUI.m; sourceTree = "<group>"; };
		9BA4B03F182E93A5002B2226 /* UIWebView+UAAdditions.h */ = {isa = PBXFileReference; fileEncoding = 4; lastKnownFileType = sourcecode.c.h; path = "UIWebView+UAAdditions.h"; sourceTree = "<group>"; };
		9BA4B040182E93A5002B2226 /* UIWebView+UAAdditions.m */ = {isa = PBXFileReference; fileEncoding = 4; lastKnownFileType = sourcecode.c.objc; path = "UIWebView+UAAdditions.m"; sourceTree = "<group>"; };
		9BA4B043182E93A5002B2226 /* check.png */ = {isa = PBXFileReference; lastKnownFileType = image.png; path = check.png; sourceTree = "<group>"; };
		9BA4B044182E93A5002B2226 /* check@2x.png */ = {isa = PBXFileReference; lastKnownFileType = image.png; path = "check@2x.png"; sourceTree = "<group>"; };
		9BA4B045182E93A5002B2226 /* down.png */ = {isa = PBXFileReference; lastKnownFileType = image.png; path = down.png; sourceTree = "<group>"; };
		9BA4B046182E93A5002B2226 /* down@2x.png */ = {isa = PBXFileReference; lastKnownFileType = image.png; path = "down@2x.png"; sourceTree = "<group>"; };
		9BA4B048182E93A5002B2226 /* overlayCloseBtn.png */ = {isa = PBXFileReference; lastKnownFileType = image.png; path = overlayCloseBtn.png; sourceTree = "<group>"; };
		9BA4B049182E93A5002B2226 /* overlayCloseBtn@2x.png */ = {isa = PBXFileReference; lastKnownFileType = image.png; path = "overlayCloseBtn@2x.png"; sourceTree = "<group>"; };
		9BA4B04A182E93A5002B2226 /* UAInboxLocalization.bundle */ = {isa = PBXFileReference; lastKnownFileType = "wrapper.plug-in"; path = UAInboxLocalization.bundle; sourceTree = "<group>"; };
		9BA4B04B182E93A5002B2226 /* UAInboxMessageListCell.xib */ = {isa = PBXFileReference; fileEncoding = 4; lastKnownFileType = file.xib; path = UAInboxMessageListCell.xib; sourceTree = "<group>"; };
		9BA4B04C182E93A5002B2226 /* UAInboxMessageListController.xib */ = {isa = PBXFileReference; fileEncoding = 4; lastKnownFileType = file.xib; path = UAInboxMessageListController.xib; sourceTree = "<group>"; };
		9BA4B04D182E93A5002B2226 /* UAInboxMessageViewController.xib */ = {isa = PBXFileReference; fileEncoding = 4; lastKnownFileType = file.xib; path = UAInboxMessageViewController.xib; sourceTree = "<group>"; };
		9BA4B04E182E93A5002B2226 /* uncheck.png */ = {isa = PBXFileReference; lastKnownFileType = image.png; path = uncheck.png; sourceTree = "<group>"; };
		9BA4B04F182E93A5002B2226 /* uncheck@2x.png */ = {isa = PBXFileReference; lastKnownFileType = image.png; path = "uncheck@2x.png"; sourceTree = "<group>"; };
		9BA4B050182E93A5002B2226 /* up.png */ = {isa = PBXFileReference; lastKnownFileType = image.png; path = up.png; sourceTree = "<group>"; };
		9BA4B051182E93A5002B2226 /* up@2x.png */ = {isa = PBXFileReference; lastKnownFileType = image.png; path = "up@2x.png"; sourceTree = "<group>"; };
		9BA4B055182E93A5002B2226 /* UALocationDemoAnnotation.h */ = {isa = PBXFileReference; fileEncoding = 4; lastKnownFileType = sourcecode.c.h; path = UALocationDemoAnnotation.h; sourceTree = "<group>"; };
		9BA4B056182E93A5002B2226 /* UALocationDemoAnnotation.m */ = {isa = PBXFileReference; fileEncoding = 4; lastKnownFileType = sourcecode.c.objc; path = UALocationDemoAnnotation.m; sourceTree = "<group>"; };
		9BA4B057182E93A5002B2226 /* UALocationSettingsViewController.h */ = {isa = PBXFileReference; fileEncoding = 4; lastKnownFileType = sourcecode.c.h; path = UALocationSettingsViewController.h; sourceTree = "<group>"; };
		9BA4B058182E93A5002B2226 /* UALocationSettingsViewController.m */ = {isa = PBXFileReference; fileEncoding = 4; lastKnownFileType = sourcecode.c.objc; path = UALocationSettingsViewController.m; sourceTree = "<group>"; };
		9BA4B059182E93A5002B2226 /* UAMapPresentationController.h */ = {isa = PBXFileReference; fileEncoding = 4; lastKnownFileType = sourcecode.c.h; path = UAMapPresentationController.h; sourceTree = "<group>"; };
		9BA4B05A182E93A5002B2226 /* UAMapPresentationController.m */ = {isa = PBXFileReference; fileEncoding = 4; lastKnownFileType = sourcecode.c.objc; path = UAMapPresentationController.m; sourceTree = "<group>"; };
		9BA4B05B182E93A5002B2226 /* UAPushMoreSettingsViewController.h */ = {isa = PBXFileReference; fileEncoding = 4; lastKnownFileType = sourcecode.c.h; path = UAPushMoreSettingsViewController.h; sourceTree = "<group>"; };
		9BA4B05C182E93A5002B2226 /* UAPushMoreSettingsViewController.m */ = {isa = PBXFileReference; fileEncoding = 4; lastKnownFileType = sourcecode.c.objc; path = UAPushMoreSettingsViewController.m; sourceTree = "<group>"; };
		9BA4B05D182E93A5002B2226 /* UAPushNotificationHandler.h */ = {isa = PBXFileReference; fileEncoding = 4; lastKnownFileType = sourcecode.c.h; path = UAPushNotificationHandler.h; sourceTree = "<group>"; };
		9BA4B05E182E93A5002B2226 /* UAPushNotificationHandler.m */ = {isa = PBXFileReference; fileEncoding = 4; lastKnownFileType = sourcecode.c.objc; path = UAPushNotificationHandler.m; sourceTree = "<group>"; };
		9BA4B05F182E93A5002B2226 /* UAPushSettingsAddTagViewController.h */ = {isa = PBXFileReference; fileEncoding = 4; lastKnownFileType = sourcecode.c.h; path = UAPushSettingsAddTagViewController.h; sourceTree = "<group>"; };
		9BA4B060182E93A5002B2226 /* UAPushSettingsAddTagViewController.m */ = {isa = PBXFileReference; fileEncoding = 4; lastKnownFileType = sourcecode.c.objc; path = UAPushSettingsAddTagViewController.m; sourceTree = "<group>"; };
		9BA4B061182E93A5002B2226 /* UAPushSettingsAliasViewController.h */ = {isa = PBXFileReference; fileEncoding = 4; lastKnownFileType = sourcecode.c.h; path = UAPushSettingsAliasViewController.h; sourceTree = "<group>"; };
		9BA4B062182E93A5002B2226 /* UAPushSettingsAliasViewController.m */ = {isa = PBXFileReference; fileEncoding = 4; lastKnownFileType = sourcecode.c.objc; path = UAPushSettingsAliasViewController.m; sourceTree = "<group>"; };
		9BA4B063182E93A5002B2226 /* UAPushSettingsSoundsViewController.h */ = {isa = PBXFileReference; fileEncoding = 4; lastKnownFileType = sourcecode.c.h; path = UAPushSettingsSoundsViewController.h; sourceTree = "<group>"; };
		9BA4B064182E93A5002B2226 /* UAPushSettingsSoundsViewController.m */ = {isa = PBXFileReference; fileEncoding = 4; lastKnownFileType = sourcecode.c.objc; path = UAPushSettingsSoundsViewController.m; sourceTree = "<group>"; };
		9BA4B065182E93A5002B2226 /* UAPushSettingsTagsViewController.h */ = {isa = PBXFileReference; fileEncoding = 4; lastKnownFileType = sourcecode.c.h; path = UAPushSettingsTagsViewController.h; sourceTree = "<group>"; };
		9BA4B066182E93A5002B2226 /* UAPushSettingsTagsViewController.m */ = {isa = PBXFileReference; fileEncoding = 4; lastKnownFileType = sourcecode.c.objc; path = UAPushSettingsTagsViewController.m; sourceTree = "<group>"; };
		9BA4B067182E93A5002B2226 /* UAPushSettingsTokenViewController.h */ = {isa = PBXFileReference; fileEncoding = 4; lastKnownFileType = sourcecode.c.h; path = UAPushSettingsTokenViewController.h; sourceTree = "<group>"; };
		9BA4B068182E93A5002B2226 /* UAPushSettingsTokenViewController.m */ = {isa = PBXFileReference; fileEncoding = 4; lastKnownFileType = sourcecode.c.objc; path = UAPushSettingsTokenViewController.m; sourceTree = "<group>"; };
		9BA4B069182E93A5002B2226 /* UAPushSettingsUserInfoViewController.h */ = {isa = PBXFileReference; fileEncoding = 4; lastKnownFileType = sourcecode.c.h; path = UAPushSettingsUserInfoViewController.h; sourceTree = "<group>"; };
		9BA4B06A182E93A5002B2226 /* UAPushSettingsUserInfoViewController.m */ = {isa = PBXFileReference; fileEncoding = 4; lastKnownFileType = sourcecode.c.objc; path = UAPushSettingsUserInfoViewController.m; sourceTree = "<group>"; };
		9BA4B06B182E93A5002B2226 /* UAPushSettingsViewController.h */ = {isa = PBXFileReference; fileEncoding = 4; lastKnownFileType = sourcecode.c.h; path = UAPushSettingsViewController.h; sourceTree = "<group>"; };
		9BA4B06C182E93A5002B2226 /* UAPushSettingsViewController.m */ = {isa = PBXFileReference; fileEncoding = 4; lastKnownFileType = sourcecode.c.objc; path = UAPushSettingsViewController.m; sourceTree = "<group>"; };
		9BA4B06D182E93A5002B2226 /* UAPushUI.h */ = {isa = PBXFileReference; fileEncoding = 4; lastKnownFileType = sourcecode.c.h; path = UAPushUI.h; sourceTree = "<group>"; };
		9BA4B06E182E93A5002B2226 /* UAPushUI.m */ = {isa = PBXFileReference; fileEncoding = 4; lastKnownFileType = sourcecode.c.objc; path = UAPushUI.m; sourceTree = "<group>"; };
		9BA4B071182E93A5002B2226 /* bottom-detail.png */ = {isa = PBXFileReference; lastKnownFileType = image.png; path = "bottom-detail.png"; sourceTree = "<group>"; };
		9BA4B072182E93A5002B2226 /* bottom-detail@2x.png */ = {isa = PBXFileReference; lastKnownFileType = image.png; path = "bottom-detail@2x.png"; sourceTree = "<group>"; };
		9BA4B073182E93A5002B2226 /* middle-detail.png */ = {isa = PBXFileReference; lastKnownFileType = image.png; path = "middle-detail.png"; sourceTree = "<group>"; };
		9BA4B074182E93A5002B2226 /* middle-detail@2x.png */ = {isa = PBXFileReference; lastKnownFileType = image.png; path = "middle-detail@2x.png"; sourceTree = "<group>"; };
		9BA4B075182E93A5002B2226 /* top-detail.png */ = {isa = PBXFileReference; lastKnownFileType = image.png; path = "top-detail.png"; sourceTree = "<group>"; };
		9BA4B076182E93A5002B2226 /* top-detail@2x.png */ = {isa = PBXFileReference; lastKnownFileType = image.png; path = "top-detail@2x.png"; sourceTree = "<group>"; };
		9BA4B077182E93A5002B2226 /* UALocationSettingsViewController.xib */ = {isa = PBXFileReference; fileEncoding = 4; lastKnownFileType = file.xib; path = UALocationSettingsViewController.xib; sourceTree = "<group>"; };
		9BA4B078182E93A5002B2226 /* UAMapPresentationViewController.xib */ = {isa = PBXFileReference; fileEncoding = 4; lastKnownFileType = file.xib; path = UAMapPresentationViewController.xib; sourceTree = "<group>"; };
		9BA4B079182E93A5002B2226 /* UAPushLocalization.bundle */ = {isa = PBXFileReference; lastKnownFileType = "wrapper.plug-in"; path = UAPushLocalization.bundle; sourceTree = "<group>"; };
		9BA4B07A182E93A5002B2226 /* UAPushMoreSettingsView.xib */ = {isa = PBXFileReference; fileEncoding = 4; lastKnownFileType = file.xib; path = UAPushMoreSettingsView.xib; sourceTree = "<group>"; };
		9BA4B07B182E93A5002B2226 /* UAPushSettingsAddTagViewController.xib */ = {isa = PBXFileReference; fileEncoding = 4; lastKnownFileType = file.xib; path = UAPushSettingsAddTagViewController.xib; sourceTree = "<group>"; };
		9BA4B07C182E93A5002B2226 /* UAPushSettingsAliasView.xib */ = {isa = PBXFileReference; fileEncoding = 4; lastKnownFileType = file.xib; path = UAPushSettingsAliasView.xib; sourceTree = "<group>"; };
		9BA4B07D182E93A5002B2226 /* UAPushSettingsSoundsViewController.xib */ = {isa = PBXFileReference; fileEncoding = 4; lastKnownFileType = file.xib; path = UAPushSettingsSoundsViewController.xib; sourceTree = "<group>"; };
		9BA4B07E182E93A5002B2226 /* UAPushSettingsTagsViewController.xib */ = {isa = PBXFileReference; fileEncoding = 4; lastKnownFileType = file.xib; path = UAPushSettingsTagsViewController.xib; sourceTree = "<group>"; };
		9BA4B07F182E93A5002B2226 /* UAPushSettingsTokenView.xib */ = {isa = PBXFileReference; fileEncoding = 4; lastKnownFileType = file.xib; path = UAPushSettingsTokenView.xib; sourceTree = "<group>"; };
		9BA4B080182E93A5002B2226 /* UAPushSettingsUserInfoView.xib */ = {isa = PBXFileReference; fileEncoding = 4; lastKnownFileType = file.xib; path = UAPushSettingsUserInfoView.xib; sourceTree = "<group>"; };
		9BA4B081182E93A5002B2226 /* UAPushSettingsView.xib */ = {isa = PBXFileReference; fileEncoding = 4; lastKnownFileType = file.xib; path = UAPushSettingsView.xib; sourceTree = "<group>"; };
		9BA4B0BB182E93D0002B2226 /* CFNetwork.framework */ = {isa = PBXFileReference; lastKnownFileType = wrapper.framework; name = CFNetwork.framework; path = System/Library/Frameworks/CFNetwork.framework; sourceTree = SDKROOT; };
		9BA4B0BD182E93DF002B2226 /* MobileCoreServices.framework */ = {isa = PBXFileReference; lastKnownFileType = wrapper.framework; name = MobileCoreServices.framework; path = System/Library/Frameworks/MobileCoreServices.framework; sourceTree = SDKROOT; };
		9BA4B0BF182E93E7002B2226 /* Security.framework */ = {isa = PBXFileReference; lastKnownFileType = wrapper.framework; name = Security.framework; path = System/Library/Frameworks/Security.framework; sourceTree = SDKROOT; };
		9BA4B0C1182E93F7002B2226 /* libz.dylib */ = {isa = PBXFileReference; lastKnownFileType = "compiled.mach-o.dylib"; name = libz.dylib; path = usr/lib/libz.dylib; sourceTree = SDKROOT; };
		9BA4B0C3182E9403002B2226 /* libsqlite3.dylib */ = {isa = PBXFileReference; lastKnownFileType = "compiled.mach-o.dylib"; name = libsqlite3.dylib; path = usr/lib/libsqlite3.dylib; sourceTree = SDKROOT; };
		9BA4B0C5182E940C002B2226 /* CoreTelephony.framework */ = {isa = PBXFileReference; lastKnownFileType = wrapper.framework; name = CoreTelephony.framework; path = System/Library/Frameworks/CoreTelephony.framework; sourceTree = SDKROOT; };
		9BA4B0C7182E941A002B2226 /* MessageUI.framework */ = {isa = PBXFileReference; lastKnownFileType = wrapper.framework; name = MessageUI.framework; path = System/Library/Frameworks/MessageUI.framework; sourceTree = SDKROOT; };
		9BA4B0C9182E9421002B2226 /* AudioToolbox.framework */ = {isa = PBXFileReference; lastKnownFileType = wrapper.framework; name = AudioToolbox.framework; path = System/Library/Frameworks/AudioToolbox.framework; sourceTree = SDKROOT; };
		9BA97FF11825A6B000588DF6 /* 19-gear.png */ = {isa = PBXFileReference; lastKnownFileType = image.png; path = "19-gear.png"; sourceTree = "<group>"; };
		EF23222418240D930035F062 /* ServerResponse.h */ = {isa = PBXFileReference; fileEncoding = 4; lastKnownFileType = sourcecode.c.h; path = ServerResponse.h; sourceTree = "<group>"; };
		EF23222518240D930035F062 /* ServerResponse.m */ = {isa = PBXFileReference; fileEncoding = 4; lastKnownFileType = sourcecode.c.objc; path = ServerResponse.m; sourceTree = "<group>"; };
		EF364B0318244D020012E0D8 /* Localizable.strings */ = {isa = PBXFileReference; fileEncoding = 4; lastKnownFileType = text.plist.strings; path = Localizable.strings; sourceTree = "<group>"; };
		EF43963017F7946A00AC7660 /* LoginViewController.h */ = {isa = PBXFileReference; fileEncoding = 4; lastKnownFileType = sourcecode.c.h; path = LoginViewController.h; sourceTree = "<group>"; };
		EF43963117F7946A00AC7660 /* LoginViewController.m */ = {isa = PBXFileReference; fileEncoding = 4; lastKnownFileType = sourcecode.c.objc; path = LoginViewController.m; sourceTree = "<group>"; };
		EFC077AF17F776FA001B1EEF /* Where is my friend?.app */ = {isa = PBXFileReference; explicitFileType = wrapper.application; includeInIndex = 0; path = "Where is my friend?.app"; sourceTree = BUILT_PRODUCTS_DIR; };
		EFC077B217F776FA001B1EEF /* UIKit.framework */ = {isa = PBXFileReference; lastKnownFileType = wrapper.framework; name = UIKit.framework; path = System/Library/Frameworks/UIKit.framework; sourceTree = SDKROOT; };
		EFC077B417F776FA001B1EEF /* Foundation.framework */ = {isa = PBXFileReference; lastKnownFileType = wrapper.framework; name = Foundation.framework; path = System/Library/Frameworks/Foundation.framework; sourceTree = SDKROOT; };
		EFC077B617F776FA001B1EEF /* CoreGraphics.framework */ = {isa = PBXFileReference; lastKnownFileType = wrapper.framework; name = CoreGraphics.framework; path = System/Library/Frameworks/CoreGraphics.framework; sourceTree = SDKROOT; };
		EFC077BA17F776FA001B1EEF /* Where is my friend?-Info.plist */ = {isa = PBXFileReference; lastKnownFileType = text.plist.xml; path = "Where is my friend?-Info.plist"; sourceTree = "<group>"; };
		EFC077BC17F776FA001B1EEF /* en */ = {isa = PBXFileReference; lastKnownFileType = text.plist.strings; name = en; path = en.lproj/InfoPlist.strings; sourceTree = "<group>"; };
		EFC077BE17F776FA001B1EEF /* main.m */ = {isa = PBXFileReference; lastKnownFileType = sourcecode.c.objc; path = main.m; sourceTree = "<group>"; };
		EFC077C017F776FA001B1EEF /* Where is my friend?-Prefix.pch */ = {isa = PBXFileReference; lastKnownFileType = sourcecode.c.h; path = "Where is my friend?-Prefix.pch"; sourceTree = "<group>"; };
		EFC077C117F776FA001B1EEF /* AppDelegate.h */ = {isa = PBXFileReference; lastKnownFileType = sourcecode.c.h; path = AppDelegate.h; sourceTree = "<group>"; };
		EFC077C217F776FA001B1EEF /* AppDelegate.m */ = {isa = PBXFileReference; lastKnownFileType = sourcecode.c.objc; path = AppDelegate.m; sourceTree = "<group>"; };
		EFC077C417F776FA001B1EEF /* Default.png */ = {isa = PBXFileReference; lastKnownFileType = image.png; path = Default.png; sourceTree = "<group>"; };
		EFC077C617F776FA001B1EEF /* Default@2x.png */ = {isa = PBXFileReference; lastKnownFileType = image.png; path = "Default@2x.png"; sourceTree = "<group>"; };
		EFC077C817F776FA001B1EEF /* Default-568h@2x.png */ = {isa = PBXFileReference; lastKnownFileType = image.png; path = "Default-568h@2x.png"; sourceTree = "<group>"; };
		EFC077CB17F776FA001B1EEF /* en */ = {isa = PBXFileReference; lastKnownFileType = file.storyboard; name = en; path = en.lproj/MainStoryboard.storyboard; sourceTree = "<group>"; };
		EFC077CD17F776FA001B1EEF /* MapViewController.h */ = {isa = PBXFileReference; lastKnownFileType = sourcecode.c.h; path = MapViewController.h; sourceTree = "<group>"; };
		EFC077CE17F776FA001B1EEF /* MapViewController.m */ = {isa = PBXFileReference; lastKnownFileType = sourcecode.c.objc; path = MapViewController.m; sourceTree = "<group>"; };
		EFC077D017F776FA001B1EEF /* first.png */ = {isa = PBXFileReference; lastKnownFileType = image.png; path = first.png; sourceTree = "<group>"; };
		EFC077D217F776FA001B1EEF /* first@2x.png */ = {isa = PBXFileReference; lastKnownFileType = image.png; path = "first@2x.png"; sourceTree = "<group>"; };
		EFC077D417F776FA001B1EEF /* FriendsViewController.h */ = {isa = PBXFileReference; lastKnownFileType = sourcecode.c.h; path = FriendsViewController.h; sourceTree = "<group>"; };
		EFC077D517F776FA001B1EEF /* FriendsViewController.m */ = {isa = PBXFileReference; lastKnownFileType = sourcecode.c.objc; path = FriendsViewController.m; sourceTree = "<group>"; };
		EFC077D717F776FA001B1EEF /* second.png */ = {isa = PBXFileReference; lastKnownFileType = image.png; path = second.png; sourceTree = "<group>"; };
		EFC077D917F776FA001B1EEF /* second@2x.png */ = {isa = PBXFileReference; lastKnownFileType = image.png; path = "second@2x.png"; sourceTree = "<group>"; };
		EFC077E017F776FB001B1EEF /* Where is my friend?Tests.octest */ = {isa = PBXFileReference; explicitFileType = wrapper.cfbundle; includeInIndex = 0; path = "Where is my friend?Tests.octest"; sourceTree = BUILT_PRODUCTS_DIR; };
		EFC077E117F776FB001B1EEF /* SenTestingKit.framework */ = {isa = PBXFileReference; lastKnownFileType = wrapper.framework; name = SenTestingKit.framework; path = Library/Frameworks/SenTestingKit.framework; sourceTree = DEVELOPER_DIR; };
		EFC077E917F776FB001B1EEF /* Where is my friend?Tests-Info.plist */ = {isa = PBXFileReference; lastKnownFileType = text.plist.xml; path = "Where is my friend?Tests-Info.plist"; sourceTree = "<group>"; };
		EFC077EB17F776FB001B1EEF /* en */ = {isa = PBXFileReference; lastKnownFileType = text.plist.strings; name = en; path = en.lproj/InfoPlist.strings; sourceTree = "<group>"; };
		EFC077ED17F776FB001B1EEF /* Where_ir_my_friend_Tests.h */ = {isa = PBXFileReference; lastKnownFileType = sourcecode.c.h; path = Where_ir_my_friend_Tests.h; sourceTree = "<group>"; };
		EFC077EE17F776FB001B1EEF /* Where_ir_my_friend_Tests.m */ = {isa = PBXFileReference; lastKnownFileType = sourcecode.c.objc; path = Where_ir_my_friend_Tests.m; sourceTree = "<group>"; };
		EFD4878D18230F8300E34C94 /* BackendProxy.h */ = {isa = PBXFileReference; fileEncoding = 4; lastKnownFileType = sourcecode.c.h; path = BackendProxy.h; sourceTree = "<group>"; };
		EFD4878E18230F8300E34C94 /* BackendProxy.m */ = {isa = PBXFileReference; fileEncoding = 4; lastKnownFileType = sourcecode.c.objc; path = BackendProxy.m; sourceTree = "<group>"; };
		EFD48793182311E000E34C94 /* Reachability.h */ = {isa = PBXFileReference; fileEncoding = 4; lastKnownFileType = sourcecode.c.h; path = Reachability.h; sourceTree = "<group>"; };
		EFD48794182311E000E34C94 /* Reachability.m */ = {isa = PBXFileReference; fileEncoding = 4; lastKnownFileType = sourcecode.c.objc; path = Reachability.m; sourceTree = "<group>"; };
		EFD487961823148D00E34C94 /* SystemConfiguration.framework */ = {isa = PBXFileReference; lastKnownFileType = wrapper.framework; name = SystemConfiguration.framework; path = System/Library/Frameworks/SystemConfiguration.framework; sourceTree = SDKROOT; };
		FE876D051819AD070067A75F /* settings.png */ = {isa = PBXFileReference; lastKnownFileType = image.png; path = settings.png; sourceTree = "<group>"; };
		FE87908118219D4E00F237B5 /* RequestsViewController.h */ = {isa = PBXFileReference; fileEncoding = 4; lastKnownFileType = sourcecode.c.h; path = RequestsViewController.h; sourceTree = "<group>"; };
		FE87908218219D4E00F237B5 /* RequestsViewController.m */ = {isa = PBXFileReference; fileEncoding = 4; lastKnownFileType = sourcecode.c.objc; path = RequestsViewController.m; sourceTree = "<group>"; };
		FE88F5DB1804B49F0078A941 /* CoreLocation.framework */ = {isa = PBXFileReference; lastKnownFileType = wrapper.framework; name = CoreLocation.framework; path = System/Library/Frameworks/CoreLocation.framework; sourceTree = SDKROOT; };
		FE8C2B3018033AF2001595B5 /* wheres titulo2.png */ = {isa = PBXFileReference; lastKnownFileType = image.png; path = "wheres titulo2.png"; sourceTree = "<group>"; };
		FED8241518006BEC0089C870 /* face.jpg */ = {isa = PBXFileReference; lastKnownFileType = image.jpeg; path = face.jpg; sourceTree = "<group>"; };
		FEEBC7F417FCB1CC00D73176 /* MapKit.framework */ = {isa = PBXFileReference; lastKnownFileType = wrapper.framework; name = MapKit.framework; path = System/Library/Frameworks/MapKit.framework; sourceTree = SDKROOT; };
		FEEBC7F617FCB96400D73176 /* map.png */ = {isa = PBXFileReference; lastKnownFileType = image.png; path = map.png; sourceTree = "<group>"; };
		FEEBC7F817FCB96F00D73176 /* friends.png */ = {isa = PBXFileReference; lastKnownFileType = image.png; path = friends.png; sourceTree = "<group>"; };
		FEEBC7FA17FCB97A00D73176 /* requests.png */ = {isa = PBXFileReference; lastKnownFileType = image.png; path = requests.png; sourceTree = "<group>"; };
/* End PBXFileReference section */

/* Begin PBXFrameworksBuildPhase section */
		EFC077AC17F776FA001B1EEF /* Frameworks */ = {
			isa = PBXFrameworksBuildPhase;
			buildActionMask = 2147483647;
			files = (
				9BA4B0CA182E9421002B2226 /* AudioToolbox.framework in Frameworks */,
				9BA4B0C8182E941A002B2226 /* MessageUI.framework in Frameworks */,
				9BA4B0C6182E940C002B2226 /* CoreTelephony.framework in Frameworks */,
				9BA4B0C4182E9403002B2226 /* libsqlite3.dylib in Frameworks */,
				9BA4B0C2182E93F7002B2226 /* libz.dylib in Frameworks */,
				9BA4B0C0182E93E7002B2226 /* Security.framework in Frameworks */,
				9BA4B0BE182E93DF002B2226 /* MobileCoreServices.framework in Frameworks */,
				9BA4B0BC182E93D0002B2226 /* CFNetwork.framework in Frameworks */,
				EFD487971823148D00E34C94 /* SystemConfiguration.framework in Frameworks */,
				FE88F5DC1804B49F0078A941 /* CoreLocation.framework in Frameworks */,
				FEEBC7F517FCB1CC00D73176 /* MapKit.framework in Frameworks */,
				9BA4B082182E93A5002B2226 /* libUAirship-3.0.1.a in Frameworks */,
				EFC077B317F776FA001B1EEF /* UIKit.framework in Frameworks */,
				EFC077B517F776FA001B1EEF /* Foundation.framework in Frameworks */,
				EFC077B717F776FA001B1EEF /* CoreGraphics.framework in Frameworks */,
			);
			runOnlyForDeploymentPostprocessing = 0;
		};
		EFC077DC17F776FB001B1EEF /* Frameworks */ = {
			isa = PBXFrameworksBuildPhase;
			buildActionMask = 2147483647;
			files = (
				EFC077E217F776FB001B1EEF /* SenTestingKit.framework in Frameworks */,
				EFC077E317F776FB001B1EEF /* UIKit.framework in Frameworks */,
				EFC077E417F776FB001B1EEF /* Foundation.framework in Frameworks */,
			);
			runOnlyForDeploymentPostprocessing = 0;
		};
/* End PBXFrameworksBuildPhase section */

/* Begin PBXGroup section */
		9BA4AFEE182E93A4002B2226 /* Airship */ = {
			isa = PBXGroup;
			children = (
				9BA4AFEF182E93A4002B2226 /* Common */,
				9BA4B010182E93A5002B2226 /* External */,
				9BA4B013182E93A5002B2226 /* Inbox */,
				9BA4B01F182E93A5002B2226 /* libUAirship-3.0.1.a */,
				9BA4B020182E93A5002B2226 /* libUAirship-iOS5-3.0.1.a */,
				9BA4B021182E93A5002B2226 /* Push */,
				9BA4B026182E93A5002B2226 /* UI */,
			);
			name = Airship;
			path = "libUAirship-latest/Airship";
			sourceTree = "<group>";
		};
		9BA4AFEF182E93A4002B2226 /* Common */ = {
			isa = PBXGroup;
			children = (
				9BA4AFF0182E93A4002B2226 /* NSJSONSerialization+UAAdditions.h */,
				9BA4AFF1182E93A4002B2226 /* UAAnalytics.h */,
				9BA4AFF2182E93A4002B2226 /* UAAnalyticsDBManager.h */,
				9BA4AFF3182E93A4002B2226 /* UAAutoAppDelegate.h */,
				9BA4AFF4182E93A4002B2226 /* UABaseAppDelegateSurrogate.h */,
				9BA4AFF5182E93A4002B2226 /* UABaseLocationProvider.h */,
				9BA4AFF6182E93A4002B2226 /* UAConfig.h */,
				9BA4AFF7182E93A4002B2226 /* UADelayOperation.h */,
				9BA4AFF8182E93A4002B2226 /* UADisposable.h */,
				9BA4AFF9182E93A4002B2226 /* UAEvent.h */,
				9BA4AFFA182E93A4002B2226 /* UAGlobal.h */,
				9BA4AFFB182E93A4002B2226 /* UAHTTPConnection.h */,
				9BA4AFFC182E93A4002B2226 /* UAHTTPConnectionOperation.h */,
				9BA4AFFD182E93A4002B2226 /* UAHTTPRequest.h */,
				9BA4AFFE182E93A4002B2226 /* UAHTTPRequestEngine.h */,
				9BA4AFFF182E93A4002B2226 /* UAirship.h */,
				9BA4B000182E93A4002B2226 /* UAKeychainUtils.h */,
				9BA4B001182E93A4002B2226 /* UALocationCommonValues.h */,
				9BA4B002182E93A4002B2226 /* UALocationEvent.h */,
				9BA4B003182E93A4002B2226 /* UALocationProviderDelegate.h */,
				9BA4B004182E93A4002B2226 /* UALocationProviderProtocol.h */,
				9BA4B005182E93A4002B2226 /* UALocationService.h */,
				9BA4B006182E93A4002B2226 /* UAObservable.h */,
				9BA4B007182E93A5002B2226 /* UASignificantChangeProvider.h */,
				9BA4B008182E93A5002B2226 /* UASQLite.h */,
				9BA4B009182E93A5002B2226 /* UAStandardLocationProvider.h */,
				9BA4B00A182E93A5002B2226 /* UATagUtils.h */,
				9BA4B00B182E93A5002B2226 /* UAURLProtocol.h */,
				9BA4B00C182E93A5002B2226 /* UAUser.h */,
				9BA4B00D182E93A5002B2226 /* UAUserAPIClient.h */,
				9BA4B00E182E93A5002B2226 /* UAUserData.h */,
				9BA4B00F182E93A5002B2226 /* UAUtils.h */,
			);
			path = Common;
			sourceTree = "<group>";
		};
		9BA4B010182E93A5002B2226 /* External */ = {
			isa = PBXGroup;
			children = (
				9BA4B011182E93A5002B2226 /* UA_Base64.h */,
				9BA4B012182E93A5002B2226 /* UA_Reachability.h */,
			);
			path = External;
			sourceTree = "<group>";
		};
		9BA4B013182E93A5002B2226 /* Inbox */ = {
			isa = PBXGroup;
			children = (
				9BA4B014182E93A5002B2226 /* UAInbox.h */,
				9BA4B015182E93A5002B2226 /* UAInboxAPIClient.h */,
				9BA4B016182E93A5002B2226 /* UAInboxDBManager.h */,
				9BA4B017182E93A5002B2226 /* UAInboxDefaultJSDelegate.h */,
				9BA4B018182E93A5002B2226 /* UAInboxMessage.h */,
				9BA4B019182E93A5002B2226 /* UAInboxMessageList.h */,
				9BA4B01A182E93A5002B2226 /* UAInboxMessageListDelegate.h */,
				9BA4B01B182E93A5002B2226 /* UAInboxMessageListObserver.h */,
				9BA4B01C182E93A5002B2226 /* UAInboxPushHandler.h */,
				9BA4B01D182E93A5002B2226 /* UAInboxUtils.h */,
				9BA4B01E182E93A5002B2226 /* UAJSONValueTransformer.h */,
			);
			path = Inbox;
			sourceTree = "<group>";
		};
		9BA4B021182E93A5002B2226 /* Push */ = {
			isa = PBXGroup;
			children = (
				9BA4B022182E93A5002B2226 /* UADeviceAPIClient.h */,
				9BA4B023182E93A5002B2226 /* UADeviceRegistrationData.h */,
				9BA4B024182E93A5002B2226 /* UADeviceRegistrationPayload.h */,
				9BA4B025182E93A5002B2226 /* UAPush.h */,
			);
			path = Push;
			sourceTree = "<group>";
		};
		9BA4B026182E93A5002B2226 /* UI */ = {
			isa = PBXGroup;
			children = (
				9BA4B027182E93A5002B2226 /* Default */,
			);
			path = UI;
			sourceTree = "<group>";
		};
		9BA4B027182E93A5002B2226 /* Default */ = {
			isa = PBXGroup;
			children = (
				9BA4B028182E93A5002B2226 /* Inbox */,
				9BA4B052182E93A5002B2226 /* Push */,
			);
			path = Default;
			sourceTree = "<group>";
		};
		9BA4B028182E93A5002B2226 /* Inbox */ = {
			isa = PBXGroup;
			children = (
				9BA4B029182E93A5002B2226 /* Classes */,
				9BA4B041182E93A5002B2226 /* Resources */,
			);
			path = Inbox;
			sourceTree = "<group>";
		};
		9BA4B029182E93A5002B2226 /* Classes */ = {
			isa = PBXGroup;
			children = (
				9BA4B02A182E93A5002B2226 /* Shared */,
			);
			path = Classes;
			sourceTree = "<group>";
		};
		9BA4B02A182E93A5002B2226 /* Shared */ = {
			isa = PBXGroup;
			children = (
				9BA4B02B182E93A5002B2226 /* UABarButtonSegmentedControl.h */,
				9BA4B02C182E93A5002B2226 /* UABarButtonSegmentedControl.m */,
				9BA4B02D182E93A5002B2226 /* UABeveledLoadingIndicator.h */,
				9BA4B02E182E93A5002B2226 /* UABeveledLoadingIndicator.m */,
				9BA4B02F182E93A5002B2226 /* UADateUtils.h */,
				9BA4B030182E93A5002B2226 /* UADateUtils.m */,
				9BA4B031182E93A5002B2226 /* UAInboxAlertHandler.h */,
				9BA4B032182E93A5002B2226 /* UAInboxAlertHandler.m */,
				9BA4B033182E93A5002B2226 /* UAInboxMessageListCell.h */,
				9BA4B034182E93A5002B2226 /* UAInboxMessageListCell.m */,
				9BA4B035182E93A5002B2226 /* UAInboxMessageListController.h */,
				9BA4B036182E93A5002B2226 /* UAInboxMessageListController.m */,
				9BA4B037182E93A5002B2226 /* UAInboxMessageViewController.h */,
				9BA4B038182E93A5002B2226 /* UAInboxMessageViewController.m */,
				9BA4B039182E93A5002B2226 /* UAInboxNavUI.h */,
				9BA4B03A182E93A5002B2226 /* UAInboxNavUI.m */,
				9BA4B03B182E93A5002B2226 /* UAInboxOverlayController.h */,
				9BA4B03C182E93A5002B2226 /* UAInboxOverlayController.m */,
				9BA4B03D182E93A5002B2226 /* UAInboxUI.h */,
				9BA4B03E182E93A5002B2226 /* UAInboxUI.m */,
				9BA4B03F182E93A5002B2226 /* UIWebView+UAAdditions.h */,
				9BA4B040182E93A5002B2226 /* UIWebView+UAAdditions.m */,
			);
			path = Shared;
			sourceTree = "<group>";
		};
		9BA4B041182E93A5002B2226 /* Resources */ = {
			isa = PBXGroup;
			children = (
				9BA4B042182E93A5002B2226 /* Shared */,
			);
			path = Resources;
			sourceTree = "<group>";
		};
		9BA4B042182E93A5002B2226 /* Shared */ = {
			isa = PBXGroup;
			children = (
				9BA4B043182E93A5002B2226 /* check.png */,
				9BA4B044182E93A5002B2226 /* check@2x.png */,
				9BA4B045182E93A5002B2226 /* down.png */,
				9BA4B046182E93A5002B2226 /* down@2x.png */,
				9BA4B047182E93A5002B2226 /* Overlay */,
				9BA4B04A182E93A5002B2226 /* UAInboxLocalization.bundle */,
				9BA4B04B182E93A5002B2226 /* UAInboxMessageListCell.xib */,
				9BA4B04C182E93A5002B2226 /* UAInboxMessageListController.xib */,
				9BA4B04D182E93A5002B2226 /* UAInboxMessageViewController.xib */,
				9BA4B04E182E93A5002B2226 /* uncheck.png */,
				9BA4B04F182E93A5002B2226 /* uncheck@2x.png */,
				9BA4B050182E93A5002B2226 /* up.png */,
				9BA4B051182E93A5002B2226 /* up@2x.png */,
			);
			path = Shared;
			sourceTree = "<group>";
		};
		9BA4B047182E93A5002B2226 /* Overlay */ = {
			isa = PBXGroup;
			children = (
				9BA4B048182E93A5002B2226 /* overlayCloseBtn.png */,
				9BA4B049182E93A5002B2226 /* overlayCloseBtn@2x.png */,
			);
			path = Overlay;
			sourceTree = "<group>";
		};
		9BA4B052182E93A5002B2226 /* Push */ = {
			isa = PBXGroup;
			children = (
				9BA4B053182E93A5002B2226 /* Classes */,
				9BA4B06F182E93A5002B2226 /* Resources */,
			);
			path = Push;
			sourceTree = "<group>";
		};
		9BA4B053182E93A5002B2226 /* Classes */ = {
			isa = PBXGroup;
			children = (
				9BA4B054182E93A5002B2226 /* Shared */,
			);
			path = Classes;
			sourceTree = "<group>";
		};
		9BA4B054182E93A5002B2226 /* Shared */ = {
			isa = PBXGroup;
			children = (
				9BA4B055182E93A5002B2226 /* UALocationDemoAnnotation.h */,
				9BA4B056182E93A5002B2226 /* UALocationDemoAnnotation.m */,
				9BA4B057182E93A5002B2226 /* UALocationSettingsViewController.h */,
				9BA4B058182E93A5002B2226 /* UALocationSettingsViewController.m */,
				9BA4B059182E93A5002B2226 /* UAMapPresentationController.h */,
				9BA4B05A182E93A5002B2226 /* UAMapPresentationController.m */,
				9BA4B05B182E93A5002B2226 /* UAPushMoreSettingsViewController.h */,
				9BA4B05C182E93A5002B2226 /* UAPushMoreSettingsViewController.m */,
				9BA4B05D182E93A5002B2226 /* UAPushNotificationHandler.h */,
				9BA4B05E182E93A5002B2226 /* UAPushNotificationHandler.m */,
				9BA4B05F182E93A5002B2226 /* UAPushSettingsAddTagViewController.h */,
				9BA4B060182E93A5002B2226 /* UAPushSettingsAddTagViewController.m */,
				9BA4B061182E93A5002B2226 /* UAPushSettingsAliasViewController.h */,
				9BA4B062182E93A5002B2226 /* UAPushSettingsAliasViewController.m */,
				9BA4B063182E93A5002B2226 /* UAPushSettingsSoundsViewController.h */,
				9BA4B064182E93A5002B2226 /* UAPushSettingsSoundsViewController.m */,
				9BA4B065182E93A5002B2226 /* UAPushSettingsTagsViewController.h */,
				9BA4B066182E93A5002B2226 /* UAPushSettingsTagsViewController.m */,
				9BA4B067182E93A5002B2226 /* UAPushSettingsTokenViewController.h */,
				9BA4B068182E93A5002B2226 /* UAPushSettingsTokenViewController.m */,
				9BA4B069182E93A5002B2226 /* UAPushSettingsUserInfoViewController.h */,
				9BA4B06A182E93A5002B2226 /* UAPushSettingsUserInfoViewController.m */,
				9BA4B06B182E93A5002B2226 /* UAPushSettingsViewController.h */,
				9BA4B06C182E93A5002B2226 /* UAPushSettingsViewController.m */,
				9BA4B06D182E93A5002B2226 /* UAPushUI.h */,
				9BA4B06E182E93A5002B2226 /* UAPushUI.m */,
			);
			path = Shared;
			sourceTree = "<group>";
		};
		9BA4B06F182E93A5002B2226 /* Resources */ = {
			isa = PBXGroup;
			children = (
				9BA4B070182E93A5002B2226 /* Shared */,
			);
			path = Resources;
			sourceTree = "<group>";
		};
		9BA4B070182E93A5002B2226 /* Shared */ = {
			isa = PBXGroup;
			children = (
				9BA4B071182E93A5002B2226 /* bottom-detail.png */,
				9BA4B072182E93A5002B2226 /* bottom-detail@2x.png */,
				9BA4B073182E93A5002B2226 /* middle-detail.png */,
				9BA4B074182E93A5002B2226 /* middle-detail@2x.png */,
				9BA4B075182E93A5002B2226 /* top-detail.png */,
				9BA4B076182E93A5002B2226 /* top-detail@2x.png */,
				9BA4B077182E93A5002B2226 /* UALocationSettingsViewController.xib */,
				9BA4B078182E93A5002B2226 /* UAMapPresentationViewController.xib */,
				9BA4B079182E93A5002B2226 /* UAPushLocalization.bundle */,
				9BA4B07A182E93A5002B2226 /* UAPushMoreSettingsView.xib */,
				9BA4B07B182E93A5002B2226 /* UAPushSettingsAddTagViewController.xib */,
				9BA4B07C182E93A5002B2226 /* UAPushSettingsAliasView.xib */,
				9BA4B07D182E93A5002B2226 /* UAPushSettingsSoundsViewController.xib */,
				9BA4B07E182E93A5002B2226 /* UAPushSettingsTagsViewController.xib */,
				9BA4B07F182E93A5002B2226 /* UAPushSettingsTokenView.xib */,
				9BA4B080182E93A5002B2226 /* UAPushSettingsUserInfoView.xib */,
				9BA4B081182E93A5002B2226 /* UAPushSettingsView.xib */,
			);
			path = Shared;
			sourceTree = "<group>";
		};
		EFC077A617F776FA001B1EEF = {
			isa = PBXGroup;
			children = (
				EFC077B817F776FA001B1EEF /* Where ir my friend? */,
				EFC077E717F776FB001B1EEF /* Where ir my friend?Tests */,
				EFC077B117F776FA001B1EEF /* Frameworks */,
				EFC077B017F776FA001B1EEF /* Products */,
			);
			sourceTree = "<group>";
		};
		EFC077B017F776FA001B1EEF /* Products */ = {
			isa = PBXGroup;
			children = (
				EFC077AF17F776FA001B1EEF /* Where is my friend?.app */,
				EFC077E017F776FB001B1EEF /* Where is my friend?Tests.octest */,
			);
			name = Products;
			sourceTree = "<group>";
		};
		EFC077B117F776FA001B1EEF /* Frameworks */ = {
			isa = PBXGroup;
			children = (
				9BA4B0C9182E9421002B2226 /* AudioToolbox.framework */,
				9BA4B0C7182E941A002B2226 /* MessageUI.framework */,
				9BA4B0C5182E940C002B2226 /* CoreTelephony.framework */,
				9BA4B0C3182E9403002B2226 /* libsqlite3.dylib */,
				9BA4B0C1182E93F7002B2226 /* libz.dylib */,
				9BA4B0BF182E93E7002B2226 /* Security.framework */,
				9BA4B0BD182E93DF002B2226 /* MobileCoreServices.framework */,
				9BA4B0BB182E93D0002B2226 /* CFNetwork.framework */,
				9BA4AFEE182E93A4002B2226 /* Airship */,
				EFD487961823148D00E34C94 /* SystemConfiguration.framework */,
				FE88F5DB1804B49F0078A941 /* CoreLocation.framework */,
				FEEBC7F417FCB1CC00D73176 /* MapKit.framework */,
				EFC077B217F776FA001B1EEF /* UIKit.framework */,
				EFC077B417F776FA001B1EEF /* Foundation.framework */,
				EFC077B617F776FA001B1EEF /* CoreGraphics.framework */,
				EFC077E117F776FB001B1EEF /* SenTestingKit.framework */,
			);
			name = Frameworks;
			sourceTree = "<group>";
		};
		EFC077B817F776FA001B1EEF /* Where ir my friend? */ = {
			isa = PBXGroup;
			children = (
				EFC077C117F776FA001B1EEF /* AppDelegate.h */,
				EFC077C217F776FA001B1EEF /* AppDelegate.m */,
				EFC077CA17F776FA001B1EEF /* MainStoryboard.storyboard */,
				EFC077CD17F776FA001B1EEF /* MapViewController.h */,
				EFC077CE17F776FA001B1EEF /* MapViewController.m */,
				EFC077D017F776FA001B1EEF /* first.png */,
				EFC077D217F776FA001B1EEF /* first@2x.png */,
				EFC077D417F776FA001B1EEF /* FriendsViewController.h */,
				EFC077D517F776FA001B1EEF /* FriendsViewController.m */,
				EFD4878D18230F8300E34C94 /* BackendProxy.h */,
				EFD4878E18230F8300E34C94 /* BackendProxy.m */,
				EFC077D717F776FA001B1EEF /* second.png */,
				EFC077D917F776FA001B1EEF /* second@2x.png */,
				FE87908118219D4E00F237B5 /* RequestsViewController.h */,
				FE87908218219D4E00F237B5 /* RequestsViewController.m */,
				EF43963017F7946A00AC7660 /* LoginViewController.h */,
				EF43963117F7946A00AC7660 /* LoginViewController.m */,
				EFC077B917F776FA001B1EEF /* Supporting Files */,
				EFD48793182311E000E34C94 /* Reachability.h */,
				EFD48794182311E000E34C94 /* Reachability.m */,
				EF23222418240D930035F062 /* ServerResponse.h */,
				EF23222518240D930035F062 /* ServerResponse.m */,
				EF364B0318244D020012E0D8 /* Localizable.strings */,
			);
			path = "Where ir my friend?";
			sourceTree = "<group>";
		};
		EFC077B917F776FA001B1EEF /* Supporting Files */ = {
			isa = PBXGroup;
			children = (
				FE876D051819AD070067A75F /* settings.png */,
				9BA97FF11825A6B000588DF6 /* 19-gear.png */,
				FE8C2B3018033AF2001595B5 /* wheres titulo2.png */,
				FED8241518006BEC0089C870 /* face.jpg */,
				FEEBC7FA17FCB97A00D73176 /* requests.png */,
				FEEBC7F817FCB96F00D73176 /* friends.png */,
				FEEBC7F617FCB96400D73176 /* map.png */,
				9BA4AFEC182E91C7002B2226 /* AirshipConfig.plist */,
				EFC077BA17F776FA001B1EEF /* Where is my friend?-Info.plist */,
				EFC077BB17F776FA001B1EEF /* InfoPlist.strings */,
				EFC077BE17F776FA001B1EEF /* main.m */,
				EFC077C017F776FA001B1EEF /* Where is my friend?-Prefix.pch */,
				EFC077C417F776FA001B1EEF /* Default.png */,
				EFC077C617F776FA001B1EEF /* Default@2x.png */,
				EFC077C817F776FA001B1EEF /* Default-568h@2x.png */,
			);
			name = "Supporting Files";
			sourceTree = "<group>";
		};
		EFC077E717F776FB001B1EEF /* Where ir my friend?Tests */ = {
			isa = PBXGroup;
			children = (
				EFC077ED17F776FB001B1EEF /* Where_ir_my_friend_Tests.h */,
				EFC077EE17F776FB001B1EEF /* Where_ir_my_friend_Tests.m */,
				EFC077E817F776FB001B1EEF /* Supporting Files */,
			);
			path = "Where ir my friend?Tests";
			sourceTree = "<group>";
		};
		EFC077E817F776FB001B1EEF /* Supporting Files */ = {
			isa = PBXGroup;
			children = (
				EFC077E917F776FB001B1EEF /* Where is my friend?Tests-Info.plist */,
				EFC077EA17F776FB001B1EEF /* InfoPlist.strings */,
			);
			name = "Supporting Files";
			sourceTree = "<group>";
		};
/* End PBXGroup section */

/* Begin PBXNativeTarget section */
		EFC077AE17F776FA001B1EEF /* Where is my friend? */ = {
			isa = PBXNativeTarget;
			buildConfigurationList = EFC077F217F776FB001B1EEF /* Build configuration list for PBXNativeTarget "Where is my friend?" */;
			buildPhases = (
				EFC077AB17F776FA001B1EEF /* Sources */,
				EFC077AC17F776FA001B1EEF /* Frameworks */,
				EFC077AD17F776FA001B1EEF /* Resources */,
			);
			buildRules = (
			);
			dependencies = (
			);
			name = "Where is my friend?";
			productName = "Where ir my friend?";
			productReference = EFC077AF17F776FA001B1EEF /* Where is my friend?.app */;
			productType = "com.apple.product-type.application";
		};
		EFC077DF17F776FB001B1EEF /* Where is my friend?Tests */ = {
			isa = PBXNativeTarget;
			buildConfigurationList = EFC077F517F776FB001B1EEF /* Build configuration list for PBXNativeTarget "Where is my friend?Tests" */;
			buildPhases = (
				EFC077DB17F776FB001B1EEF /* Sources */,
				EFC077DC17F776FB001B1EEF /* Frameworks */,
				EFC077DD17F776FB001B1EEF /* Resources */,
				EFC077DE17F776FB001B1EEF /* ShellScript */,
			);
			buildRules = (
			);
			dependencies = (
				EFC077E617F776FB001B1EEF /* PBXTargetDependency */,
			);
			name = "Where is my friend?Tests";
			productName = "Where ir my friend?Tests";
			productReference = EFC077E017F776FB001B1EEF /* Where is my friend?Tests.octest */;
			productType = "com.apple.product-type.bundle";
		};
/* End PBXNativeTarget section */

/* Begin PBXProject section */
		EFC077A717F776FA001B1EEF /* Project object */ = {
			isa = PBXProject;
			attributes = {
				LastUpgradeCheck = 0460;
				ORGANIZATIONNAME = MacDev;
			};
			buildConfigurationList = EFC077AA17F776FA001B1EEF /* Build configuration list for PBXProject "Where is my friend?" */;
			compatibilityVersion = "Xcode 3.2";
			developmentRegion = English;
			hasScannedForEncodings = 0;
			knownRegions = (
				en,
			);
			mainGroup = EFC077A617F776FA001B1EEF;
			productRefGroup = EFC077B017F776FA001B1EEF /* Products */;
			projectDirPath = "";
			projectRoot = "";
			targets = (
				EFC077AE17F776FA001B1EEF /* Where is my friend? */,
				EFC077DF17F776FB001B1EEF /* Where is my friend?Tests */,
			);
		};
/* End PBXProject section */

/* Begin PBXResourcesBuildPhase section */
		EFC077AD17F776FA001B1EEF /* Resources */ = {
			isa = PBXResourcesBuildPhase;
			buildActionMask = 2147483647;
			files = (
				9BA4B0BA182E93A5002B2226 /* UAPushSettingsView.xib in Resources */,
				9BA4B0AB182E93A5002B2226 /* bottom-detail@2x.png in Resources */,
				EFC077BD17F776FA001B1EEF /* InfoPlist.strings in Resources */,
				9BA4B0B7182E93A5002B2226 /* UAPushSettingsTagsViewController.xib in Resources */,
				9BA97FF21825A6B000588DF6 /* 19-gear.png in Resources */,
				9BA4B091182E93A5002B2226 /* down.png in Resources */,
				EFC077C517F776FA001B1EEF /* Default.png in Resources */,
				9BA4B092182E93A5002B2226 /* down@2x.png in Resources */,
				9BA4B0B4182E93A5002B2226 /* UAPushSettingsAddTagViewController.xib in Resources */,
				9BA4B0B3182E93A5002B2226 /* UAPushMoreSettingsView.xib in Resources */,
				FE8C2B3118033AF2001595B5 /* wheres titulo2.png in Resources */,
				EFC077C717F776FA001B1EEF /* Default@2x.png in Resources */,
				9BA4B0AE182E93A5002B2226 /* top-detail.png in Resources */,
				9BA4B094182E93A5002B2226 /* overlayCloseBtn@2x.png in Resources */,
				9BA4B0B5182E93A5002B2226 /* UAPushSettingsAliasView.xib in Resources */,
				EFC077C917F776FA001B1EEF /* Default-568h@2x.png in Resources */,
				9BA4B0B6182E93A5002B2226 /* UAPushSettingsSoundsViewController.xib in Resources */,
				9BA4B09B182E93A5002B2226 /* up.png in Resources */,
				9BA4B095182E93A5002B2226 /* UAInboxLocalization.bundle in Resources */,
				9BA4B0AD182E93A5002B2226 /* middle-detail@2x.png in Resources */,
				9BA4B09C182E93A5002B2226 /* up@2x.png in Resources */,
				9BA4B0AC182E93A5002B2226 /* middle-detail.png in Resources */,
				9BA4B0AA182E93A5002B2226 /* bottom-detail.png in Resources */,
				9BA4B09A182E93A5002B2226 /* uncheck@2x.png in Resources */,
				9BA4B099182E93A5002B2226 /* uncheck.png in Resources */,
				9BA4B0B2182E93A5002B2226 /* UAPushLocalization.bundle in Resources */,
				9BA4B098182E93A5002B2226 /* UAInboxMessageViewController.xib in Resources */,
				FEEBC7F717FCB96400D73176 /* map.png in Resources */,
				FE876D061819AD070067A75F /* settings.png in Resources */,
				9BA4B096182E93A5002B2226 /* UAInboxMessageListCell.xib in Resources */,
				EFC077CC17F776FA001B1EEF /* MainStoryboard.storyboard in Resources */,
				FED8241618006BEC0089C870 /* face.jpg in Resources */,
				9BA4B08F182E93A5002B2226 /* check.png in Resources */,
				EFC077D117F776FA001B1EEF /* first.png in Resources */,
				9BA4B0B1182E93A5002B2226 /* UAMapPresentationViewController.xib in Resources */,
				EFC077D317F776FA001B1EEF /* first@2x.png in Resources */,
				9BA4B0B8182E93A5002B2226 /* UAPushSettingsTokenView.xib in Resources */,
				9BA4B093182E93A5002B2226 /* overlayCloseBtn.png in Resources */,
				EFC077D817F776FA001B1EEF /* second.png in Resources */,
				EFC077DA17F776FA001B1EEF /* second@2x.png in Resources */,
				9BA4B090182E93A5002B2226 /* check@2x.png in Resources */,
				9BA4B0B0182E93A5002B2226 /* UALocationSettingsViewController.xib in Resources */,
				9BA4B097182E93A5002B2226 /* UAInboxMessageListController.xib in Resources */,
				9BA4B0AF182E93A5002B2226 /* top-detail@2x.png in Resources */,
				EF364B0418244D020012E0D8 /* Localizable.strings in Resources */,
				9BA4B0B9182E93A5002B2226 /* UAPushSettingsUserInfoView.xib in Resources */,
				9BA4AFED182E91C7002B2226 /* AirshipConfig.plist in Resources */,
				FEEBC7F917FCB96F00D73176 /* friends.png in Resources */,
				FEEBC7FB17FCB97A00D73176 /* requests.png in Resources */,
			);
			runOnlyForDeploymentPostprocessing = 0;
		};
		EFC077DD17F776FB001B1EEF /* Resources */ = {
			isa = PBXResourcesBuildPhase;
			buildActionMask = 2147483647;
			files = (
				EFC077EC17F776FB001B1EEF /* InfoPlist.strings in Resources */,
			);
			runOnlyForDeploymentPostprocessing = 0;
		};
/* End PBXResourcesBuildPhase section */

/* Begin PBXShellScriptBuildPhase section */
		EFC077DE17F776FB001B1EEF /* ShellScript */ = {
			isa = PBXShellScriptBuildPhase;
			buildActionMask = 2147483647;
			files = (
			);
			inputPaths = (
			);
			outputPaths = (
			);
			runOnlyForDeploymentPostprocessing = 0;
			shellPath = /bin/sh;
			shellScript = "# Run the unit tests in this test bundle.\n\"${SYSTEM_DEVELOPER_DIR}/Tools/RunUnitTests\"\n";
		};
/* End PBXShellScriptBuildPhase section */

/* Begin PBXSourcesBuildPhase section */
		EFC077AB17F776FA001B1EEF /* Sources */ = {
			isa = PBXSourcesBuildPhase;
			buildActionMask = 2147483647;
			files = (
				EFC077BF17F776FA001B1EEF /* main.m in Sources */,
				9BA4B08E182E93A5002B2226 /* UIWebView+UAAdditions.m in Sources */,
				9BA4B087182E93A5002B2226 /* UAInboxAlertHandler.m in Sources */,
				9BA4B088182E93A5002B2226 /* UAInboxMessageListCell.m in Sources */,
				9BA4B08A182E93A5002B2226 /* UAInboxMessageViewController.m in Sources */,
				9BA4B08B182E93A5002B2226 /* UAInboxNavUI.m in Sources */,
				9BA4B0A7182E93A5002B2226 /* UAPushSettingsUserInfoViewController.m in Sources */,
				9BA4B0A0182E93A5002B2226 /* UAPushMoreSettingsViewController.m in Sources */,
				9BA4B086182E93A5002B2226 /* UADateUtils.m in Sources */,
				9BA4B0A1182E93A5002B2226 /* UAPushNotificationHandler.m in Sources */,
				9BA4B0A6182E93A5002B2226 /* UAPushSettingsTokenViewController.m in Sources */,
				EFD4878F18230F8300E34C94 /* BackendProxy.m in Sources */,
				9BA4B08C182E93A5002B2226 /* UAInboxOverlayController.m in Sources */,
				EFD48795182311E000E34C94 /* Reachability.m in Sources */,
				EFC077C317F776FA001B1EEF /* AppDelegate.m in Sources */,
				9BA4B09F182E93A5002B2226 /* UAMapPresentationController.m in Sources */,
				FE87908318219D4E00F237B5 /* RequestsViewController.m in Sources */,
				9BA4B09E182E93A5002B2226 /* UALocationSettingsViewController.m in Sources */,
				EF23222618240D930035F062 /* ServerResponse.m in Sources */,
				9BA4B08D182E93A5002B2226 /* UAInboxUI.m in Sources */,
				EFC077CF17F776FA001B1EEF /* MapViewController.m in Sources */,
				EFC077D617F776FA001B1EEF /* FriendsViewController.m in Sources */,
				9BA4B0A2182E93A5002B2226 /* UAPushSettingsAddTagViewController.m in Sources */,
				9BA4B085182E93A5002B2226 /* UABeveledLoadingIndicator.m in Sources */,
				9BA4B084182E93A5002B2226 /* UABarButtonSegmentedControl.m in Sources */,
				9BA4B09D182E93A5002B2226 /* UALocationDemoAnnotation.m in Sources */,
				9BA4B0A9182E93A5002B2226 /* UAPushUI.m in Sources */,
				EF43963217F7946A00AC7660 /* LoginViewController.m in Sources */,
				9BA4B0A4182E93A5002B2226 /* UAPushSettingsSoundsViewController.m in Sources */,
				9BA4B0A3182E93A5002B2226 /* UAPushSettingsAliasViewController.m in Sources */,
				9BA4B089182E93A5002B2226 /* UAInboxMessageListController.m in Sources */,
				9BA4B0A5182E93A5002B2226 /* UAPushSettingsTagsViewController.m in Sources */,
				9BA4B0A8182E93A5002B2226 /* UAPushSettingsViewController.m in Sources */,
			);
			runOnlyForDeploymentPostprocessing = 0;
		};
		EFC077DB17F776FB001B1EEF /* Sources */ = {
			isa = PBXSourcesBuildPhase;
			buildActionMask = 2147483647;
			files = (
				EFC077EF17F776FB001B1EEF /* Where_ir_my_friend_Tests.m in Sources */,
			);
			runOnlyForDeploymentPostprocessing = 0;
		};
/* End PBXSourcesBuildPhase section */

/* Begin PBXTargetDependency section */
		EFC077E617F776FB001B1EEF /* PBXTargetDependency */ = {
			isa = PBXTargetDependency;
			target = EFC077AE17F776FA001B1EEF /* Where is my friend? */;
			targetProxy = EFC077E517F776FB001B1EEF /* PBXContainerItemProxy */;
		};
/* End PBXTargetDependency section */

/* Begin PBXVariantGroup section */
		EFC077BB17F776FA001B1EEF /* InfoPlist.strings */ = {
			isa = PBXVariantGroup;
			children = (
				EFC077BC17F776FA001B1EEF /* en */,
			);
			name = InfoPlist.strings;
			sourceTree = "<group>";
		};
		EFC077CA17F776FA001B1EEF /* MainStoryboard.storyboard */ = {
			isa = PBXVariantGroup;
			children = (
				EFC077CB17F776FA001B1EEF /* en */,
			);
			name = MainStoryboard.storyboard;
			sourceTree = "<group>";
		};
		EFC077EA17F776FB001B1EEF /* InfoPlist.strings */ = {
			isa = PBXVariantGroup;
			children = (
				EFC077EB17F776FB001B1EEF /* en */,
			);
			name = InfoPlist.strings;
			sourceTree = "<group>";
		};
/* End PBXVariantGroup section */

/* Begin XCBuildConfiguration section */
		EFC077F017F776FB001B1EEF /* Debug */ = {
			isa = XCBuildConfiguration;
			buildSettings = {
				ALWAYS_SEARCH_USER_PATHS = NO;
				CLANG_CXX_LANGUAGE_STANDARD = "gnu++0x";
				CLANG_CXX_LIBRARY = "libc++";
				CLANG_WARN_CONSTANT_CONVERSION = YES;
				CLANG_WARN_EMPTY_BODY = YES;
				CLANG_WARN_ENUM_CONVERSION = YES;
				CLANG_WARN_INT_CONVERSION = YES;
				CLANG_WARN__DUPLICATE_METHOD_MATCH = YES;
				"CODE_SIGN_IDENTITY[sdk=iphoneos*]" = "iPhone Developer: Fabian Kremer (63F2AZR7H6)";
				COPY_PHASE_STRIP = NO;
				GCC_C_LANGUAGE_STANDARD = gnu99;
				GCC_DYNAMIC_NO_PIC = NO;
				GCC_OPTIMIZATION_LEVEL = 0;
				GCC_PREPROCESSOR_DEFINITIONS = (
					"DEBUG=1",
					"$(inherited)",
				);
				GCC_SYMBOLS_PRIVATE_EXTERN = NO;
				GCC_WARN_ABOUT_RETURN_TYPE = YES;
				GCC_WARN_UNINITIALIZED_AUTOS = YES;
				GCC_WARN_UNUSED_VARIABLE = YES;
				IPHONEOS_DEPLOYMENT_TARGET = 6.1;
				ONLY_ACTIVE_ARCH = YES;
				SDKROOT = iphoneos;
			};
			name = Debug;
		};
		EFC077F117F776FB001B1EEF /* Release */ = {
			isa = XCBuildConfiguration;
			buildSettings = {
				ALWAYS_SEARCH_USER_PATHS = NO;
				CLANG_CXX_LANGUAGE_STANDARD = "gnu++0x";
				CLANG_CXX_LIBRARY = "libc++";
				CLANG_WARN_CONSTANT_CONVERSION = YES;
				CLANG_WARN_EMPTY_BODY = YES;
				CLANG_WARN_ENUM_CONVERSION = YES;
				CLANG_WARN_INT_CONVERSION = YES;
				CLANG_WARN__DUPLICATE_METHOD_MATCH = YES;
				"CODE_SIGN_IDENTITY[sdk=iphoneos*]" = "iPhone Developer";
				COPY_PHASE_STRIP = YES;
				GCC_C_LANGUAGE_STANDARD = gnu99;
				GCC_WARN_ABOUT_RETURN_TYPE = YES;
				GCC_WARN_UNINITIALIZED_AUTOS = YES;
				GCC_WARN_UNUSED_VARIABLE = YES;
				IPHONEOS_DEPLOYMENT_TARGET = 6.1;
				OTHER_CFLAGS = "-DNS_BLOCK_ASSERTIONS=1";
				SDKROOT = iphoneos;
				VALIDATE_PRODUCT = YES;
			};
			name = Release;
		};
		EFC077F317F776FB001B1EEF /* Debug */ = {
			isa = XCBuildConfiguration;
			buildSettings = {
				GCC_PRECOMPILE_PREFIX_HEADER = YES;
				GCC_PREFIX_HEADER = "Where ir my friend?/Where is my friend?-Prefix.pch";
				HEADER_SEARCH_PATHS = (
					"$(inherited)",
					"../Airship/**/**",
					/Applications/Xcode.app/Contents/Developer/Toolchains/XcodeDefault.xctoolchain/usr/include,
				);
				INFOPLIST_FILE = "Where ir my friend?/Where is my friend?-Info.plist";
				LIBRARY_SEARCH_PATHS = (
					"$(inherited)",
					"$(SRCROOT)/libUAirship-latest/Airship",
				);
				OTHER_LDFLAGS = "-ObjC";
				PRODUCT_NAME = "Where is my friend?";
				WRAPPER_EXTENSION = app;
			};
			name = Debug;
		};
		EFC077F417F776FB001B1EEF /* Release */ = {
			isa = XCBuildConfiguration;
			buildSettings = {
				GCC_PRECOMPILE_PREFIX_HEADER = YES;
				GCC_PREFIX_HEADER = "Where ir my friend?/Where is my friend?-Prefix.pch";
				HEADER_SEARCH_PATHS = (
					"$(inherited)",
					"../Airship/**/**",
					/Applications/Xcode.app/Contents/Developer/Toolchains/XcodeDefault.xctoolchain/usr/include,
				);
				INFOPLIST_FILE = "Where ir my friend?/Where is my friend?-Info.plist";
				LIBRARY_SEARCH_PATHS = (
					"$(inherited)",
					"$(SRCROOT)/libUAirship-latest/Airship",
				);
				OTHER_LDFLAGS = "-ObjC";
				PRODUCT_NAME = "Where is my friend?";
				WRAPPER_EXTENSION = app;
			};
			name = Release;
		};
		EFC077F617F776FB001B1EEF /* Debug */ = {
			isa = XCBuildConfiguration;
			buildSettings = {
				BUNDLE_LOADER = "$(BUILT_PRODUCTS_DIR)/Where ir my friend?.app/Where ir my friend?";
				FRAMEWORK_SEARCH_PATHS = (
					"\"$(SDKROOT)/Developer/Library/Frameworks\"",
					"\"$(DEVELOPER_LIBRARY_DIR)/Frameworks\"",
				);
				GCC_PRECOMPILE_PREFIX_HEADER = YES;
				GCC_PREFIX_HEADER = "Where ir my friend?/Where ir my friend?-Prefix.pch";
				INFOPLIST_FILE = "Where ir my friend?Tests/Where is my friend?Tests-Info.plist";
				PRODUCT_NAME = "Where is my friend?Tests";
				TEST_HOST = "$(BUNDLE_LOADER)";
				WRAPPER_EXTENSION = octest;
			};
			name = Debug;
		};
		EFC077F717F776FB001B1EEF /* Release */ = {
			isa = XCBuildConfiguration;
			buildSettings = {
				BUNDLE_LOADER = "$(BUILT_PRODUCTS_DIR)/Where ir my friend?.app/Where ir my friend?";
				FRAMEWORK_SEARCH_PATHS = (
					"\"$(SDKROOT)/Developer/Library/Frameworks\"",
					"\"$(DEVELOPER_LIBRARY_DIR)/Frameworks\"",
				);
				GCC_PRECOMPILE_PREFIX_HEADER = YES;
				GCC_PREFIX_HEADER = "Where ir my friend?/Where ir my friend?-Prefix.pch";
				INFOPLIST_FILE = "Where ir my friend?Tests/Where is my friend?Tests-Info.plist";
				PRODUCT_NAME = "Where is my friend?Tests";
				TEST_HOST = "$(BUNDLE_LOADER)";
				WRAPPER_EXTENSION = octest;
			};
			name = Release;
		};
/* End XCBuildConfiguration section */

/* Begin XCConfigurationList section */
		EFC077AA17F776FA001B1EEF /* Build configuration list for PBXProject "Where is my friend?" */ = {
			isa = XCConfigurationList;
			buildConfigurations = (
				EFC077F017F776FB001B1EEF /* Debug */,
				EFC077F117F776FB001B1EEF /* Release */,
			);
			defaultConfigurationIsVisible = 0;
			defaultConfigurationName = Release;
		};
		EFC077F217F776FB001B1EEF /* Build configuration list for PBXNativeTarget "Where is my friend?" */ = {
			isa = XCConfigurationList;
			buildConfigurations = (
				EFC077F317F776FB001B1EEF /* Debug */,
				EFC077F417F776FB001B1EEF /* Release */,
			);
			defaultConfigurationIsVisible = 0;
			defaultConfigurationName = Release;
		};
		EFC077F517F776FB001B1EEF /* Build configuration list for PBXNativeTarget "Where is my friend?Tests" */ = {
			isa = XCConfigurationList;
			buildConfigurations = (
				EFC077F617F776FB001B1EEF /* Debug */,
				EFC077F717F776FB001B1EEF /* Release */,
			);
			defaultConfigurationIsVisible = 0;
			defaultConfigurationName = Release;
		};
/* End XCConfigurationList section */
	};
	rootObject = EFC077A717F776FA001B1EEF /* Project object */;
}
